// !$*UTF8*$!
{
	archiveVersion = 1;
	classes = {
	};
	objectVersion = 56;
	objects = {

/* Begin PBXBuildFile section */
		AC08174E2C215ABE00ACDE83 /* DashboardView.swift in Sources */ = {isa = PBXBuildFile; fileRef = AC08174D2C215ABE00ACDE83 /* DashboardView.swift */; };
		AC0817502C2167E300ACDE83 /* MainView.swift in Sources */ = {isa = PBXBuildFile; fileRef = AC08174F2C2167E300ACDE83 /* MainView.swift */; };
		AC0817522C21694900ACDE83 /* ProfileView.swift in Sources */ = {isa = PBXBuildFile; fileRef = AC0817512C21694900ACDE83 /* ProfileView.swift */; };
		AC11C8882C180A0A00854500 /* NotificationDelegate.swift in Sources */ = {isa = PBXBuildFile; fileRef = AC11C8872C180A0A00854500 /* NotificationDelegate.swift */; };
		AC11C88B2C1812C300854500 /* LoginView.swift in Sources */ = {isa = PBXBuildFile; fileRef = AC11C88A2C1812C300854500 /* LoginView.swift */; };
		AC11C88D2C1812CA00854500 /* SignUpView.swift in Sources */ = {isa = PBXBuildFile; fileRef = AC11C88C2C1812CA00854500 /* SignUpView.swift */; };
		AC11C88F2C1812D000854500 /* OnboardingView.swift in Sources */ = {isa = PBXBuildFile; fileRef = AC11C88E2C1812D000854500 /* OnboardingView.swift */; };
		AC3CEFB32C251B000088FDB2 /* CompletedChallenge.swift in Sources */ = {isa = PBXBuildFile; fileRef = AC3CEFB22C251B000088FDB2 /* CompletedChallenge.swift */; };
		AC55B51D2C2310D600AC94A7 /* AllTalentsView.swift in Sources */ = {isa = PBXBuildFile; fileRef = AC55B51C2C2310D600AC94A7 /* AllTalentsView.swift */; };
		AC55B51F2C23130500AC94A7 /* TalentDetailView.swift in Sources */ = {isa = PBXBuildFile; fileRef = AC55B51E2C23130400AC94A7 /* TalentDetailView.swift */; };
		AC61FD652C2295310010CBE8 /* CustomCorners.swift in Sources */ = {isa = PBXBuildFile; fileRef = AC61FD642C2295310010CBE8 /* CustomCorners.swift */; };
		AC61FD672C2295620010CBE8 /* CustomEmploymentType.swift in Sources */ = {isa = PBXBuildFile; fileRef = AC61FD662C2295620010CBE8 /* CustomEmploymentType.swift */; };
		AC61FD6B2C22D0E30010CBE8 /* ResultView.swift in Sources */ = {isa = PBXBuildFile; fileRef = AC61FD6A2C22D0E30010CBE8 /* ResultView.swift */; };
		AC8ACA2B2C23E9DE0096DA36 /* RewardsView.swift in Sources */ = {isa = PBXBuildFile; fileRef = AC8ACA2A2C23E9DE0096DA36 /* RewardsView.swift */; };
		AC8ACA2D2C23EF540096DA36 /* Home.swift in Sources */ = {isa = PBXBuildFile; fileRef = AC8ACA2C2C23EF540096DA36 /* Home.swift */; };
		AC8ACA2F2C241CF40096DA36 /* AchievementCardView.swift in Sources */ = {isa = PBXBuildFile; fileRef = AC8ACA2E2C241CF40096DA36 /* AchievementCardView.swift */; };
		AC8ACA312C2435610096DA36 /* InterviewView.swift in Sources */ = {isa = PBXBuildFile; fileRef = AC8ACA302C2435610096DA36 /* InterviewView.swift */; };
		AC8ACA332C243AF20096DA36 /* WaitingListView.swift in Sources */ = {isa = PBXBuildFile; fileRef = AC8ACA322C243AF20096DA36 /* WaitingListView.swift */; };
		AC8ACA352C243AFF0096DA36 /* InterviewedListView.swift in Sources */ = {isa = PBXBuildFile; fileRef = AC8ACA342C243AFF0096DA36 /* InterviewedListView.swift */; };
		AC94B5DD2C2702580008AEA9 /* TalentProfileView.swift in Sources */ = {isa = PBXBuildFile; fileRef = AC94B5DC2C2702580008AEA9 /* TalentProfileView.swift */; };
		AC94B5DF2C2706EE0008AEA9 /* SearchTextField.swift in Sources */ = {isa = PBXBuildFile; fileRef = AC94B5DE2C2706EE0008AEA9 /* SearchTextField.swift */; };
		AC94B5E22C2741A50008AEA9 /* CustomSegmentedPicker.swift in Sources */ = {isa = PBXBuildFile; fileRef = AC94B5E12C2741A50008AEA9 /* CustomSegmentedPicker.swift */; };
		AC9E3FFB2C2537FD00A3813E /* Talent.swift in Sources */ = {isa = PBXBuildFile; fileRef = AC9E3FFA2C2537FD00A3813E /* Talent.swift */; };
		AC9E40002C253AEE00A3813E /* CustomButtons.swift in Sources */ = {isa = PBXBuildFile; fileRef = AC9E3FFF2C253AEE00A3813E /* CustomButtons.swift */; };
		AC9E40022C253B3800A3813E /* Colors.swift in Sources */ = {isa = PBXBuildFile; fileRef = AC9E40012C253B3800A3813E /* Colors.swift */; };
		AC9E40042C253D6300A3813E /* Phrases.swift in Sources */ = {isa = PBXBuildFile; fileRef = AC9E40032C253D6300A3813E /* Phrases.swift */; };
		AC9E40062C253DC200A3813E /* Size.swift in Sources */ = {isa = PBXBuildFile; fileRef = AC9E40052C253DC200A3813E /* Size.swift */; };
		AC9E40082C253ED500A3813E /* CustomSkillTag.swift in Sources */ = {isa = PBXBuildFile; fileRef = AC9E40072C253ED500A3813E /* CustomSkillTag.swift */; };
		AC9E400A2C254C9F00A3813E /* SuccessFeedbackView.swift in Sources */ = {isa = PBXBuildFile; fileRef = AC9E40092C254C9F00A3813E /* SuccessFeedbackView.swift */; };
		AC9E400C2C254DFE00A3813E /* DescriptionView.swift in Sources */ = {isa = PBXBuildFile; fileRef = AC9E400B2C254DFE00A3813E /* DescriptionView.swift */; };
		AC9E400F2C254EE400A3813E /* NameView.swift in Sources */ = {isa = PBXBuildFile; fileRef = AC9E400E2C254EE400A3813E /* NameView.swift */; };
		AC9E401E2C25515C00A3813E /* Geist-SemiBold.otf in Resources */ = {isa = PBXBuildFile; fileRef = AC9E401B2C2550AB00A3813E /* Geist-SemiBold.otf */; };
		AC9E401F2C25516100A3813E /* Geist-Regular.otf in Resources */ = {isa = PBXBuildFile; fileRef = AC9E401C2C2550AB00A3813E /* Geist-Regular.otf */; };
		AC9E40202C25516300A3813E /* Geist-Medium.otf in Resources */ = {isa = PBXBuildFile; fileRef = AC9E40192C2550AB00A3813E /* Geist-Medium.otf */; };
		AC9E402F2C2556CB00A3813E /* Fonts.swift in Sources */ = {isa = PBXBuildFile; fileRef = AC9E402E2C2556CB00A3813E /* Fonts.swift */; };
		AC9E40322C255C9200A3813E /* HeaderView.swift in Sources */ = {isa = PBXBuildFile; fileRef = AC9E40312C255C9200A3813E /* HeaderView.swift */; };
		AC9E40352C255D8300A3813E /* ChallengeView.swift in Sources */ = {isa = PBXBuildFile; fileRef = AC9E40342C255D8300A3813E /* ChallengeView.swift */; };
		AC9E40372C255E4600A3813E /* ExploreTalentsView.swift in Sources */ = {isa = PBXBuildFile; fileRef = AC9E40362C255E4600A3813E /* ExploreTalentsView.swift */; };
		AC9E403B2C25620C00A3813E /* Background.swift in Sources */ = {isa = PBXBuildFile; fileRef = AC9E403A2C25620C00A3813E /* Background.swift */; };
		AC9E403D2C2562F000A3813E /* CustomNavigationLink.swift in Sources */ = {isa = PBXBuildFile; fileRef = AC9E403C2C2562F000A3813E /* CustomNavigationLink.swift */; };
		AC9E40462C256DA300A3813E /* LoginViewModel.swift in Sources */ = {isa = PBXBuildFile; fileRef = AC9E40452C256DA300A3813E /* LoginViewModel.swift */; };
		AC9E40542C2582FD00A3813E /* SignUpViewModel.swift in Sources */ = {isa = PBXBuildFile; fileRef = AC9E40532C2582FD00A3813E /* SignUpViewModel.swift */; };
		ACB09AC72C23D70E0089E205 /* CustomPortfolioTag.swift in Sources */ = {isa = PBXBuildFile; fileRef = ACB09AC62C23D70E0089E205 /* CustomPortfolioTag.swift */; };
		ACB3D64F2C228F7E0052C895 /* TalentListView.swift in Sources */ = {isa = PBXBuildFile; fileRef = ACB3D64E2C228F7E0052C895 /* TalentListView.swift */; };
		ACD968C42C268FB100751AF2 /* DashboardModel.swift in Sources */ = {isa = PBXBuildFile; fileRef = ACD968C32C268FB100751AF2 /* DashboardModel.swift */; };
		ACD968C62C2690A100751AF2 /* LoginModel.swift in Sources */ = {isa = PBXBuildFile; fileRef = ACD968C52C2690A100751AF2 /* LoginModel.swift */; };
		ACD968CB2C2692CF00751AF2 /* LoginForm.swift in Sources */ = {isa = PBXBuildFile; fileRef = ACD968CA2C2692CF00751AF2 /* LoginForm.swift */; };
		ACD968CD2C26955400751AF2 /* LoginButton.swift in Sources */ = {isa = PBXBuildFile; fileRef = ACD968CC2C26955400751AF2 /* LoginButton.swift */; };
		ACD968D02C26C13800751AF2 /* SignUpForm.swift in Sources */ = {isa = PBXBuildFile; fileRef = ACD968CF2C26C13800751AF2 /* SignUpForm.swift */; };
		ACD968D32C26C15900751AF2 /* SignUpModel.swift in Sources */ = {isa = PBXBuildFile; fileRef = ACD968D22C26C15900751AF2 /* SignUpModel.swift */; };
		ACD968D52C26C2E100751AF2 /* CustomForm.swift in Sources */ = {isa = PBXBuildFile; fileRef = ACD968D42C26C2E100751AF2 /* CustomForm.swift */; };
		ACD968D82C26C40600751AF2 /* CustomPasswordForm.swift in Sources */ = {isa = PBXBuildFile; fileRef = ACD968D72C26C40600751AF2 /* CustomPasswordForm.swift */; };
		ACD968DA2C26C6EE00751AF2 /* SignUpButton.swift in Sources */ = {isa = PBXBuildFile; fileRef = ACD968D92C26C6EE00751AF2 /* SignUpButton.swift */; };
		C06FC9F32C118C7600A7001A /* WavernApp.swift in Sources */ = {isa = PBXBuildFile; fileRef = C06FC9F22C118C7600A7001A /* WavernApp.swift */; };
		C06FC9F72C118C7700A7001A /* Assets.xcassets in Resources */ = {isa = PBXBuildFile; fileRef = C06FC9F62C118C7700A7001A /* Assets.xcassets */; };
		C06FC9FA2C118C7700A7001A /* Preview Assets.xcassets in Resources */ = {isa = PBXBuildFile; fileRef = C06FC9F92C118C7700A7001A /* Preview Assets.xcassets */; };
		C06FCA042C118C7700A7001A /* WavernTests.swift in Sources */ = {isa = PBXBuildFile; fileRef = C06FCA032C118C7700A7001A /* WavernTests.swift */; };
		C06FCA0E2C118C7700A7001A /* WavernUITests.swift in Sources */ = {isa = PBXBuildFile; fileRef = C06FCA0D2C118C7700A7001A /* WavernUITests.swift */; };
		C06FCA102C118C7700A7001A /* WavernUITestsLaunchTests.swift in Sources */ = {isa = PBXBuildFile; fileRef = C06FCA0F2C118C7700A7001A /* WavernUITestsLaunchTests.swift */; };
/* End PBXBuildFile section */

/* Begin PBXContainerItemProxy section */
		C06FCA002C118C7700A7001A /* PBXContainerItemProxy */ = {
			isa = PBXContainerItemProxy;
			containerPortal = C06FC9E72C118C7600A7001A /* Project object */;
			proxyType = 1;
			remoteGlobalIDString = C06FC9EE2C118C7600A7001A;
			remoteInfo = Wavern;
		};
		C06FCA0A2C118C7700A7001A /* PBXContainerItemProxy */ = {
			isa = PBXContainerItemProxy;
			containerPortal = C06FC9E72C118C7600A7001A /* Project object */;
			proxyType = 1;
			remoteGlobalIDString = C06FC9EE2C118C7600A7001A;
			remoteInfo = Wavern;
		};
/* End PBXContainerItemProxy section */

/* Begin PBXFileReference section */
		AC08174D2C215ABE00ACDE83 /* DashboardView.swift */ = {isa = PBXFileReference; lastKnownFileType = sourcecode.swift; path = DashboardView.swift; sourceTree = "<group>"; };
		AC08174F2C2167E300ACDE83 /* MainView.swift */ = {isa = PBXFileReference; lastKnownFileType = sourcecode.swift; path = MainView.swift; sourceTree = "<group>"; };
		AC0817512C21694900ACDE83 /* ProfileView.swift */ = {isa = PBXFileReference; lastKnownFileType = sourcecode.swift; path = ProfileView.swift; sourceTree = "<group>"; };
		AC11C8872C180A0A00854500 /* NotificationDelegate.swift */ = {isa = PBXFileReference; lastKnownFileType = sourcecode.swift; path = NotificationDelegate.swift; sourceTree = "<group>"; };
		AC11C88A2C1812C300854500 /* LoginView.swift */ = {isa = PBXFileReference; lastKnownFileType = sourcecode.swift; path = LoginView.swift; sourceTree = "<group>"; };
		AC11C88C2C1812CA00854500 /* SignUpView.swift */ = {isa = PBXFileReference; lastKnownFileType = sourcecode.swift; path = SignUpView.swift; sourceTree = "<group>"; };
		AC11C88E2C1812D000854500 /* OnboardingView.swift */ = {isa = PBXFileReference; lastKnownFileType = sourcecode.swift; path = OnboardingView.swift; sourceTree = "<group>"; };
		AC3CEFB22C251B000088FDB2 /* CompletedChallenge.swift */ = {isa = PBXFileReference; lastKnownFileType = sourcecode.swift; path = CompletedChallenge.swift; sourceTree = "<group>"; };
		AC55B51C2C2310D600AC94A7 /* AllTalentsView.swift */ = {isa = PBXFileReference; lastKnownFileType = sourcecode.swift; path = AllTalentsView.swift; sourceTree = "<group>"; };
		AC55B51E2C23130400AC94A7 /* TalentDetailView.swift */ = {isa = PBXFileReference; lastKnownFileType = sourcecode.swift; path = TalentDetailView.swift; sourceTree = "<group>"; };
		AC61FD642C2295310010CBE8 /* CustomCorners.swift */ = {isa = PBXFileReference; lastKnownFileType = sourcecode.swift; path = CustomCorners.swift; sourceTree = "<group>"; };
		AC61FD662C2295620010CBE8 /* CustomEmploymentType.swift */ = {isa = PBXFileReference; lastKnownFileType = sourcecode.swift; path = CustomEmploymentType.swift; sourceTree = "<group>"; };
		AC61FD6A2C22D0E30010CBE8 /* ResultView.swift */ = {isa = PBXFileReference; lastKnownFileType = sourcecode.swift; path = ResultView.swift; sourceTree = "<group>"; };
		AC8ACA2A2C23E9DE0096DA36 /* RewardsView.swift */ = {isa = PBXFileReference; lastKnownFileType = sourcecode.swift; path = RewardsView.swift; sourceTree = "<group>"; };
		AC8ACA2C2C23EF540096DA36 /* Home.swift */ = {isa = PBXFileReference; lastKnownFileType = sourcecode.swift; path = Home.swift; sourceTree = "<group>"; };
		AC8ACA2E2C241CF40096DA36 /* AchievementCardView.swift */ = {isa = PBXFileReference; lastKnownFileType = sourcecode.swift; path = AchievementCardView.swift; sourceTree = "<group>"; };
		AC8ACA302C2435610096DA36 /* InterviewView.swift */ = {isa = PBXFileReference; lastKnownFileType = sourcecode.swift; path = InterviewView.swift; sourceTree = "<group>"; };
		AC8ACA322C243AF20096DA36 /* WaitingListView.swift */ = {isa = PBXFileReference; lastKnownFileType = sourcecode.swift; path = WaitingListView.swift; sourceTree = "<group>"; };
		AC8ACA342C243AFF0096DA36 /* InterviewedListView.swift */ = {isa = PBXFileReference; lastKnownFileType = sourcecode.swift; path = InterviewedListView.swift; sourceTree = "<group>"; };
		AC94B5DC2C2702580008AEA9 /* TalentProfileView.swift */ = {isa = PBXFileReference; lastKnownFileType = sourcecode.swift; path = TalentProfileView.swift; sourceTree = "<group>"; };
		AC94B5DE2C2706EE0008AEA9 /* SearchTextField.swift */ = {isa = PBXFileReference; lastKnownFileType = sourcecode.swift; path = SearchTextField.swift; sourceTree = "<group>"; };
		AC94B5E12C2741A50008AEA9 /* CustomSegmentedPicker.swift */ = {isa = PBXFileReference; lastKnownFileType = sourcecode.swift; path = CustomSegmentedPicker.swift; sourceTree = "<group>"; };
		AC9E3FFA2C2537FD00A3813E /* Talent.swift */ = {isa = PBXFileReference; lastKnownFileType = sourcecode.swift; path = Talent.swift; sourceTree = "<group>"; };
		AC9E3FFF2C253AEE00A3813E /* CustomButtons.swift */ = {isa = PBXFileReference; lastKnownFileType = sourcecode.swift; path = CustomButtons.swift; sourceTree = "<group>"; };
		AC9E40012C253B3800A3813E /* Colors.swift */ = {isa = PBXFileReference; lastKnownFileType = sourcecode.swift; path = Colors.swift; sourceTree = "<group>"; };
		AC9E40032C253D6300A3813E /* Phrases.swift */ = {isa = PBXFileReference; lastKnownFileType = sourcecode.swift; path = Phrases.swift; sourceTree = "<group>"; };
		AC9E40052C253DC200A3813E /* Size.swift */ = {isa = PBXFileReference; lastKnownFileType = sourcecode.swift; path = Size.swift; sourceTree = "<group>"; };
		AC9E40072C253ED500A3813E /* CustomSkillTag.swift */ = {isa = PBXFileReference; lastKnownFileType = sourcecode.swift; path = CustomSkillTag.swift; sourceTree = "<group>"; };
		AC9E40092C254C9F00A3813E /* SuccessFeedbackView.swift */ = {isa = PBXFileReference; lastKnownFileType = sourcecode.swift; path = SuccessFeedbackView.swift; sourceTree = "<group>"; };
		AC9E400B2C254DFE00A3813E /* DescriptionView.swift */ = {isa = PBXFileReference; lastKnownFileType = sourcecode.swift; path = DescriptionView.swift; sourceTree = "<group>"; };
		AC9E400E2C254EE400A3813E /* NameView.swift */ = {isa = PBXFileReference; lastKnownFileType = sourcecode.swift; path = NameView.swift; sourceTree = "<group>"; };
		AC9E40192C2550AB00A3813E /* Geist-Medium.otf */ = {isa = PBXFileReference; lastKnownFileType = file; path = "Geist-Medium.otf"; sourceTree = "<group>"; };
		AC9E401B2C2550AB00A3813E /* Geist-SemiBold.otf */ = {isa = PBXFileReference; lastKnownFileType = file; path = "Geist-SemiBold.otf"; sourceTree = "<group>"; };
		AC9E401C2C2550AB00A3813E /* Geist-Regular.otf */ = {isa = PBXFileReference; lastKnownFileType = file; path = "Geist-Regular.otf"; sourceTree = "<group>"; };
		AC9E40272C2551B600A3813E /* Info.plist */ = {isa = PBXFileReference; lastKnownFileType = text.plist; path = Info.plist; sourceTree = "<group>"; };
		AC9E402E2C2556CB00A3813E /* Fonts.swift */ = {isa = PBXFileReference; lastKnownFileType = sourcecode.swift; path = Fonts.swift; sourceTree = "<group>"; };
		AC9E40312C255C9200A3813E /* HeaderView.swift */ = {isa = PBXFileReference; lastKnownFileType = sourcecode.swift; path = HeaderView.swift; sourceTree = "<group>"; };
		AC9E40342C255D8300A3813E /* ChallengeView.swift */ = {isa = PBXFileReference; lastKnownFileType = sourcecode.swift; path = ChallengeView.swift; sourceTree = "<group>"; };
		AC9E40362C255E4600A3813E /* ExploreTalentsView.swift */ = {isa = PBXFileReference; lastKnownFileType = sourcecode.swift; path = ExploreTalentsView.swift; sourceTree = "<group>"; };
		AC9E403A2C25620C00A3813E /* Background.swift */ = {isa = PBXFileReference; lastKnownFileType = sourcecode.swift; path = Background.swift; sourceTree = "<group>"; };
		AC9E403C2C2562F000A3813E /* CustomNavigationLink.swift */ = {isa = PBXFileReference; lastKnownFileType = sourcecode.swift; path = CustomNavigationLink.swift; sourceTree = "<group>"; };
		AC9E40452C256DA300A3813E /* LoginViewModel.swift */ = {isa = PBXFileReference; lastKnownFileType = sourcecode.swift; path = LoginViewModel.swift; sourceTree = "<group>"; };
		AC9E40532C2582FD00A3813E /* SignUpViewModel.swift */ = {isa = PBXFileReference; lastKnownFileType = sourcecode.swift; path = SignUpViewModel.swift; sourceTree = "<group>"; };
		ACB09AC62C23D70E0089E205 /* CustomPortfolioTag.swift */ = {isa = PBXFileReference; lastKnownFileType = sourcecode.swift; path = CustomPortfolioTag.swift; sourceTree = "<group>"; };
		ACB3D64E2C228F7E0052C895 /* TalentListView.swift */ = {isa = PBXFileReference; lastKnownFileType = sourcecode.swift; path = TalentListView.swift; sourceTree = "<group>"; };
		ACD968C32C268FB100751AF2 /* DashboardModel.swift */ = {isa = PBXFileReference; lastKnownFileType = sourcecode.swift; path = DashboardModel.swift; sourceTree = "<group>"; };
		ACD968C52C2690A100751AF2 /* LoginModel.swift */ = {isa = PBXFileReference; lastKnownFileType = sourcecode.swift; path = LoginModel.swift; sourceTree = "<group>"; };
		ACD968CA2C2692CF00751AF2 /* LoginForm.swift */ = {isa = PBXFileReference; lastKnownFileType = sourcecode.swift; path = LoginForm.swift; sourceTree = "<group>"; };
		ACD968CC2C26955400751AF2 /* LoginButton.swift */ = {isa = PBXFileReference; lastKnownFileType = sourcecode.swift; path = LoginButton.swift; sourceTree = "<group>"; };
		ACD968CF2C26C13800751AF2 /* SignUpForm.swift */ = {isa = PBXFileReference; lastKnownFileType = sourcecode.swift; path = SignUpForm.swift; sourceTree = "<group>"; };
		ACD968D22C26C15900751AF2 /* SignUpModel.swift */ = {isa = PBXFileReference; lastKnownFileType = sourcecode.swift; path = SignUpModel.swift; sourceTree = "<group>"; };
		ACD968D42C26C2E100751AF2 /* CustomForm.swift */ = {isa = PBXFileReference; lastKnownFileType = sourcecode.swift; path = CustomForm.swift; sourceTree = "<group>"; };
		ACD968D72C26C40600751AF2 /* CustomPasswordForm.swift */ = {isa = PBXFileReference; lastKnownFileType = sourcecode.swift; path = CustomPasswordForm.swift; sourceTree = "<group>"; };
		ACD968D92C26C6EE00751AF2 /* SignUpButton.swift */ = {isa = PBXFileReference; lastKnownFileType = sourcecode.swift; path = SignUpButton.swift; sourceTree = "<group>"; };
		C06FC9EF2C118C7600A7001A /* Wavern.app */ = {isa = PBXFileReference; explicitFileType = wrapper.application; includeInIndex = 0; path = Wavern.app; sourceTree = BUILT_PRODUCTS_DIR; };
		C06FC9F22C118C7600A7001A /* WavernApp.swift */ = {isa = PBXFileReference; lastKnownFileType = sourcecode.swift; path = WavernApp.swift; sourceTree = "<group>"; };
		C06FC9F62C118C7700A7001A /* Assets.xcassets */ = {isa = PBXFileReference; lastKnownFileType = folder.assetcatalog; path = Assets.xcassets; sourceTree = "<group>"; };
		C06FC9F92C118C7700A7001A /* Preview Assets.xcassets */ = {isa = PBXFileReference; lastKnownFileType = folder.assetcatalog; path = "Preview Assets.xcassets"; sourceTree = "<group>"; };
		C06FC9FF2C118C7700A7001A /* WavernTests.xctest */ = {isa = PBXFileReference; explicitFileType = wrapper.cfbundle; includeInIndex = 0; path = WavernTests.xctest; sourceTree = BUILT_PRODUCTS_DIR; };
		C06FCA032C118C7700A7001A /* WavernTests.swift */ = {isa = PBXFileReference; lastKnownFileType = sourcecode.swift; path = WavernTests.swift; sourceTree = "<group>"; };
		C06FCA092C118C7700A7001A /* WavernUITests.xctest */ = {isa = PBXFileReference; explicitFileType = wrapper.cfbundle; includeInIndex = 0; path = WavernUITests.xctest; sourceTree = BUILT_PRODUCTS_DIR; };
		C06FCA0D2C118C7700A7001A /* WavernUITests.swift */ = {isa = PBXFileReference; lastKnownFileType = sourcecode.swift; path = WavernUITests.swift; sourceTree = "<group>"; };
		C06FCA0F2C118C7700A7001A /* WavernUITestsLaunchTests.swift */ = {isa = PBXFileReference; lastKnownFileType = sourcecode.swift; path = WavernUITestsLaunchTests.swift; sourceTree = "<group>"; };
/* End PBXFileReference section */

/* Begin PBXFrameworksBuildPhase section */
		C06FC9EC2C118C7600A7001A /* Frameworks */ = {
			isa = PBXFrameworksBuildPhase;
			buildActionMask = 2147483647;
			files = (
			);
			runOnlyForDeploymentPostprocessing = 0;
		};
		C06FC9FC2C118C7700A7001A /* Frameworks */ = {
			isa = PBXFrameworksBuildPhase;
			buildActionMask = 2147483647;
			files = (
			);
			runOnlyForDeploymentPostprocessing = 0;
		};
		C06FCA062C118C7700A7001A /* Frameworks */ = {
			isa = PBXFrameworksBuildPhase;
			buildActionMask = 2147483647;
			files = (
			);
			runOnlyForDeploymentPostprocessing = 0;
		};
/* End PBXFrameworksBuildPhase section */

/* Begin PBXGroup section */
		AC94B5E02C2708CE0008AEA9 /* View */ = {
			isa = PBXGroup;
			children = (
				AC3CEFB22C251B000088FDB2 /* CompletedChallenge.swift */,
				AC0817512C21694900ACDE83 /* ProfileView.swift */,
				AC8ACA2A2C23E9DE0096DA36 /* RewardsView.swift */,
			);
			path = View;
			sourceTree = "<group>";
		};
		AC9E3FF52C2537BB00A3813E /* Features */ = {
			isa = PBXGroup;
			children = (
				AC9E40572C26840900A3813E /* Authenticated */,
				AC9E40562C2683D000A3813E /* Not Authenticated */,
			);
			path = Features;
			sourceTree = "<group>";
		};
		AC9E3FF62C2537D100A3813E /* Talent */ = {
			isa = PBXGroup;
			children = (
				AC9E3FF72C2537DA00A3813E /* Model */,
				AC9E3FF82C2537E000A3813E /* ViewModels */,
				AC9E3FF92C2537E500A3813E /* Views */,
			);
			path = Talent;
			sourceTree = "<group>";
		};
		AC9E3FF72C2537DA00A3813E /* Model */ = {
			isa = PBXGroup;
			children = (
				AC9E3FFA2C2537FD00A3813E /* Talent.swift */,
			);
			path = Model;
			sourceTree = "<group>";
		};
		AC9E3FF82C2537E000A3813E /* ViewModels */ = {
			isa = PBXGroup;
			children = (
			);
			path = ViewModels;
			sourceTree = "<group>";
		};
		AC9E3FF92C2537E500A3813E /* Views */ = {
			isa = PBXGroup;
			children = (
				AC55B51C2C2310D600AC94A7 /* AllTalentsView.swift */,
				AC55B51E2C23130400AC94A7 /* TalentDetailView.swift */,
				AC94B5DC2C2702580008AEA9 /* TalentProfileView.swift */,
				AC9E400D2C254E9200A3813E /* UI */,
			);
			path = Views;
			sourceTree = "<group>";
		};
		AC9E3FFC2C25382C00A3813E /* Shared */ = {
			isa = PBXGroup;
			children = (
				AC9E3FFE2C25388600A3813E /* Constants */,
				AC9E3FFD2C25383800A3813E /* UI */,
			);
			path = Shared;
			sourceTree = "<group>";
		};
		AC9E3FFD2C25383800A3813E /* UI */ = {
			isa = PBXGroup;
			children = (
				ACD968D62C26C35C00751AF2 /* Custom Components */,
				AC8ACA2E2C241CF40096DA36 /* AchievementCardView.swift */,
				AC9E400B2C254DFE00A3813E /* DescriptionView.swift */,
				ACB3D64E2C228F7E0052C895 /* TalentListView.swift */,
				AC9E40092C254C9F00A3813E /* SuccessFeedbackView.swift */,
			);
			path = UI;
			sourceTree = "<group>";
		};
		AC9E3FFE2C25388600A3813E /* Constants */ = {
			isa = PBXGroup;
			children = (
				AC8ACA2C2C23EF540096DA36 /* Home.swift */,
				AC61FD642C2295310010CBE8 /* CustomCorners.swift */,
				AC11C8872C180A0A00854500 /* NotificationDelegate.swift */,
				AC9E40012C253B3800A3813E /* Colors.swift */,
				AC9E40032C253D6300A3813E /* Phrases.swift */,
				AC9E40052C253DC200A3813E /* Size.swift */,
				AC9E402E2C2556CB00A3813E /* Fonts.swift */,
				AC9E403A2C25620C00A3813E /* Background.swift */,
			);
			path = Constants;
			sourceTree = "<group>";
		};
		AC9E400D2C254E9200A3813E /* UI */ = {
			isa = PBXGroup;
			children = (
				AC9E400E2C254EE400A3813E /* NameView.swift */,
			);
			path = UI;
			sourceTree = "<group>";
		};
		AC9E40142C25509500A3813E /* Fonts */ = {
			isa = PBXGroup;
			children = (
				AC9E40192C2550AB00A3813E /* Geist-Medium.otf */,
				AC9E401C2C2550AB00A3813E /* Geist-Regular.otf */,
				AC9E401B2C2550AB00A3813E /* Geist-SemiBold.otf */,
			);
			path = Fonts;
			sourceTree = "<group>";
		};
		AC9E40302C255C7D00A3813E /* Dashboard */ = {
			isa = PBXGroup;
			children = (
				AC9E40392C255FCD00A3813E /* Model */,
				AC9E40332C255D6900A3813E /* View */,
			);
			path = Dashboard;
			sourceTree = "<group>";
		};
		AC9E40332C255D6900A3813E /* View */ = {
			isa = PBXGroup;
			children = (
				AC08174D2C215ABE00ACDE83 /* DashboardView.swift */,
				AC9E40382C255E7700A3813E /* UI */,
			);
			path = View;
			sourceTree = "<group>";
		};
		AC9E40382C255E7700A3813E /* UI */ = {
			isa = PBXGroup;
			children = (
				AC9E40312C255C9200A3813E /* HeaderView.swift */,
				AC9E40342C255D8300A3813E /* ChallengeView.swift */,
				AC9E40362C255E4600A3813E /* ExploreTalentsView.swift */,
				AC94B5DE2C2706EE0008AEA9 /* SearchTextField.swift */,
			);
			path = UI;
			sourceTree = "<group>";
		};
		AC9E40392C255FCD00A3813E /* Model */ = {
			isa = PBXGroup;
			children = (
				ACD968C32C268FB100751AF2 /* DashboardModel.swift */,
			);
			path = Model;
			sourceTree = "<group>";
		};
		AC9E403E2C256B6500A3813E /* Onboarding */ = {
			isa = PBXGroup;
			children = (
				AC9E403F2C256B6D00A3813E /* Model */,
				AC9E40402C256B7200A3813E /* View */,
			);
			path = Onboarding;
			sourceTree = "<group>";
		};
		AC9E403F2C256B6D00A3813E /* Model */ = {
			isa = PBXGroup;
			children = (
			);
			path = Model;
			sourceTree = "<group>";
		};
		AC9E40402C256B7200A3813E /* View */ = {
			isa = PBXGroup;
			children = (
				AC11C88E2C1812D000854500 /* OnboardingView.swift */,
			);
			path = View;
			sourceTree = "<group>";
		};
		AC9E40412C256C9B00A3813E /* Sign In */ = {
			isa = PBXGroup;
			children = (
				AC9E40422C256CA800A3813E /* Model */,
				AC9E40432C256CAD00A3813E /* View */,
				AC9E40442C256D7B00A3813E /* ViewModel */,
			);
			path = "Sign In";
			sourceTree = "<group>";
		};
		AC9E40422C256CA800A3813E /* Model */ = {
			isa = PBXGroup;
			children = (
				ACD968C52C2690A100751AF2 /* LoginModel.swift */,
			);
			path = Model;
			sourceTree = "<group>";
		};
		AC9E40432C256CAD00A3813E /* View */ = {
			isa = PBXGroup;
			children = (
				AC11C88A2C1812C300854500 /* LoginView.swift */,
				ACD968C72C26927400751AF2 /* UI */,
			);
			path = View;
			sourceTree = "<group>";
		};
		AC9E40442C256D7B00A3813E /* ViewModel */ = {
			isa = PBXGroup;
			children = (
				AC9E40452C256DA300A3813E /* LoginViewModel.swift */,
			);
			path = ViewModel;
			sourceTree = "<group>";
		};
		AC9E404B2C25704C00A3813E /* Sign Up */ = {
			isa = PBXGroup;
			children = (
				ACD968D12C26C14A00751AF2 /* Model */,
				AC9E40512C2582E100A3813E /* View */,
				AC9E40522C2582E900A3813E /* ViewModel */,
			);
			path = "Sign Up";
			sourceTree = "<group>";
		};
		AC9E404C2C25710900A3813E /* HR Profile & Benefits */ = {
			isa = PBXGroup;
			children = (
				AC94B5E02C2708CE0008AEA9 /* View */,
			);
			path = "HR Profile & Benefits";
			sourceTree = "<group>";
		};
		AC9E404D2C2575A200A3813E /* Interview */ = {
			isa = PBXGroup;
			children = (
				AC8ACA342C243AFF0096DA36 /* InterviewedListView.swift */,
				AC8ACA322C243AF20096DA36 /* WaitingListView.swift */,
				AC8ACA302C2435610096DA36 /* InterviewView.swift */,
			);
			path = Interview;
			sourceTree = "<group>";
		};
		AC9E404E2C2575AA00A3813E /* Result */ = {
			isa = PBXGroup;
			children = (
				AC61FD6A2C22D0E30010CBE8 /* ResultView.swift */,
			);
			path = Result;
			sourceTree = "<group>";
		};
		AC9E40512C2582E100A3813E /* View */ = {
			isa = PBXGroup;
			children = (
				AC11C88C2C1812CA00854500 /* SignUpView.swift */,
				ACD968CE2C26C12C00751AF2 /* UI */,
			);
			path = View;
			sourceTree = "<group>";
		};
		AC9E40522C2582E900A3813E /* ViewModel */ = {
			isa = PBXGroup;
			children = (
				AC9E40532C2582FD00A3813E /* SignUpViewModel.swift */,
			);
			path = ViewModel;
			sourceTree = "<group>";
		};
		AC9E40562C2683D000A3813E /* Not Authenticated */ = {
			isa = PBXGroup;
			children = (
				AC9E404B2C25704C00A3813E /* Sign Up */,
				AC9E40412C256C9B00A3813E /* Sign In */,
				AC9E403E2C256B6500A3813E /* Onboarding */,
			);
			path = "Not Authenticated";
			sourceTree = "<group>";
		};
		AC9E40572C26840900A3813E /* Authenticated */ = {
			isa = PBXGroup;
			children = (
				AC9E404E2C2575AA00A3813E /* Result */,
				AC9E404D2C2575A200A3813E /* Interview */,
				AC9E404C2C25710900A3813E /* HR Profile & Benefits */,
				AC9E40302C255C7D00A3813E /* Dashboard */,
				AC9E3FF62C2537D100A3813E /* Talent */,
			);
			path = Authenticated;
			sourceTree = "<group>";
		};
		ACD968C72C26927400751AF2 /* UI */ = {
			isa = PBXGroup;
			children = (
				ACD968CA2C2692CF00751AF2 /* LoginForm.swift */,
				ACD968CC2C26955400751AF2 /* LoginButton.swift */,
			);
			path = UI;
			sourceTree = "<group>";
		};
		ACD968CE2C26C12C00751AF2 /* UI */ = {
			isa = PBXGroup;
			children = (
				ACD968CF2C26C13800751AF2 /* SignUpForm.swift */,
				ACD968D92C26C6EE00751AF2 /* SignUpButton.swift */,
			);
			path = UI;
			sourceTree = "<group>";
		};
		ACD968D12C26C14A00751AF2 /* Model */ = {
			isa = PBXGroup;
			children = (
				ACD968D22C26C15900751AF2 /* SignUpModel.swift */,
			);
			path = Model;
			sourceTree = "<group>";
		};
		ACD968D62C26C35C00751AF2 /* Custom Components */ = {
			isa = PBXGroup;
			children = (
				AC61FD662C2295620010CBE8 /* CustomEmploymentType.swift */,
				ACB09AC62C23D70E0089E205 /* CustomPortfolioTag.swift */,
				AC9E3FFF2C253AEE00A3813E /* CustomButtons.swift */,
				AC9E40072C253ED500A3813E /* CustomSkillTag.swift */,
				AC9E403C2C2562F000A3813E /* CustomNavigationLink.swift */,
				ACD968D42C26C2E100751AF2 /* CustomForm.swift */,
				ACD968D72C26C40600751AF2 /* CustomPasswordForm.swift */,
				AC94B5E12C2741A50008AEA9 /* CustomSegmentedPicker.swift */,
			);
			path = "Custom Components";
			sourceTree = "<group>";
		};
		C06FC9E62C118C7600A7001A = {
			isa = PBXGroup;
			children = (
				C06FC9F12C118C7600A7001A /* Wavern */,
				C06FCA022C118C7700A7001A /* WavernTests */,
				C06FCA0C2C118C7700A7001A /* WavernUITests */,
				C06FC9F02C118C7600A7001A /* Products */,
			);
			sourceTree = "<group>";
		};
		C06FC9F02C118C7600A7001A /* Products */ = {
			isa = PBXGroup;
			children = (
				C06FC9EF2C118C7600A7001A /* Wavern.app */,
				C06FC9FF2C118C7700A7001A /* WavernTests.xctest */,
				C06FCA092C118C7700A7001A /* WavernUITests.xctest */,
			);
			name = Products;
			sourceTree = "<group>";
		};
		C06FC9F12C118C7600A7001A /* Wavern */ = {
			isa = PBXGroup;
			children = (
				AC9E40272C2551B600A3813E /* Info.plist */,
				AC9E40142C25509500A3813E /* Fonts */,
				AC9E3FFC2C25382C00A3813E /* Shared */,
				AC9E3FF52C2537BB00A3813E /* Features */,
				C06FC9F22C118C7600A7001A /* WavernApp.swift */,
				AC08174F2C2167E300ACDE83 /* MainView.swift */,
				C06FC9F62C118C7700A7001A /* Assets.xcassets */,
				C06FC9F82C118C7700A7001A /* Preview Content */,
			);
			path = Wavern;
			sourceTree = "<group>";
		};
		C06FC9F82C118C7700A7001A /* Preview Content */ = {
			isa = PBXGroup;
			children = (
				C06FC9F92C118C7700A7001A /* Preview Assets.xcassets */,
			);
			path = "Preview Content";
			sourceTree = "<group>";
		};
		C06FCA022C118C7700A7001A /* WavernTests */ = {
			isa = PBXGroup;
			children = (
				C06FCA032C118C7700A7001A /* WavernTests.swift */,
			);
			path = WavernTests;
			sourceTree = "<group>";
		};
		C06FCA0C2C118C7700A7001A /* WavernUITests */ = {
			isa = PBXGroup;
			children = (
				C06FCA0D2C118C7700A7001A /* WavernUITests.swift */,
				C06FCA0F2C118C7700A7001A /* WavernUITestsLaunchTests.swift */,
			);
			path = WavernUITests;
			sourceTree = "<group>";
		};
/* End PBXGroup section */

/* Begin PBXNativeTarget section */
		C06FC9EE2C118C7600A7001A /* Wavern */ = {
			isa = PBXNativeTarget;
			buildConfigurationList = C06FCA132C118C7700A7001A /* Build configuration list for PBXNativeTarget "Wavern" */;
			buildPhases = (
				C06FC9EB2C118C7600A7001A /* Sources */,
				C06FC9EC2C118C7600A7001A /* Frameworks */,
				C06FC9ED2C118C7600A7001A /* Resources */,
			);
			buildRules = (
			);
			dependencies = (
			);
			name = Wavern;
			productName = Wavern;
			productReference = C06FC9EF2C118C7600A7001A /* Wavern.app */;
			productType = "com.apple.product-type.application";
		};
		C06FC9FE2C118C7700A7001A /* WavernTests */ = {
			isa = PBXNativeTarget;
			buildConfigurationList = C06FCA162C118C7700A7001A /* Build configuration list for PBXNativeTarget "WavernTests" */;
			buildPhases = (
				C06FC9FB2C118C7700A7001A /* Sources */,
				C06FC9FC2C118C7700A7001A /* Frameworks */,
				C06FC9FD2C118C7700A7001A /* Resources */,
			);
			buildRules = (
			);
			dependencies = (
				C06FCA012C118C7700A7001A /* PBXTargetDependency */,
			);
			name = WavernTests;
			productName = WavernTests;
			productReference = C06FC9FF2C118C7700A7001A /* WavernTests.xctest */;
			productType = "com.apple.product-type.bundle.unit-test";
		};
		C06FCA082C118C7700A7001A /* WavernUITests */ = {
			isa = PBXNativeTarget;
			buildConfigurationList = C06FCA192C118C7700A7001A /* Build configuration list for PBXNativeTarget "WavernUITests" */;
			buildPhases = (
				C06FCA052C118C7700A7001A /* Sources */,
				C06FCA062C118C7700A7001A /* Frameworks */,
				C06FCA072C118C7700A7001A /* Resources */,
			);
			buildRules = (
			);
			dependencies = (
				C06FCA0B2C118C7700A7001A /* PBXTargetDependency */,
			);
			name = WavernUITests;
			productName = WavernUITests;
			productReference = C06FCA092C118C7700A7001A /* WavernUITests.xctest */;
			productType = "com.apple.product-type.bundle.ui-testing";
		};
/* End PBXNativeTarget section */

/* Begin PBXProject section */
		C06FC9E72C118C7600A7001A /* Project object */ = {
			isa = PBXProject;
			attributes = {
				BuildIndependentTargetsInParallel = 1;
				LastSwiftUpdateCheck = 1530;
				LastUpgradeCheck = 1530;
				TargetAttributes = {
					C06FC9EE2C118C7600A7001A = {
						CreatedOnToolsVersion = 15.3;
					};
					C06FC9FE2C118C7700A7001A = {
						CreatedOnToolsVersion = 15.3;
						TestTargetID = C06FC9EE2C118C7600A7001A;
					};
					C06FCA082C118C7700A7001A = {
						CreatedOnToolsVersion = 15.3;
						TestTargetID = C06FC9EE2C118C7600A7001A;
					};
				};
			};
			buildConfigurationList = C06FC9EA2C118C7600A7001A /* Build configuration list for PBXProject "Wavern" */;
			compatibilityVersion = "Xcode 14.0";
			developmentRegion = en;
			hasScannedForEncodings = 0;
			knownRegions = (
				en,
				Base,
			);
			mainGroup = C06FC9E62C118C7600A7001A;
			productRefGroup = C06FC9F02C118C7600A7001A /* Products */;
			projectDirPath = "";
			projectRoot = "";
			targets = (
				C06FC9EE2C118C7600A7001A /* Wavern */,
				C06FC9FE2C118C7700A7001A /* WavernTests */,
				C06FCA082C118C7700A7001A /* WavernUITests */,
			);
		};
/* End PBXProject section */

/* Begin PBXResourcesBuildPhase section */
		C06FC9ED2C118C7600A7001A /* Resources */ = {
			isa = PBXResourcesBuildPhase;
			buildActionMask = 2147483647;
			files = (
				C06FC9FA2C118C7700A7001A /* Preview Assets.xcassets in Resources */,
				AC9E401E2C25515C00A3813E /* Geist-SemiBold.otf in Resources */,
				AC9E40202C25516300A3813E /* Geist-Medium.otf in Resources */,
				C06FC9F72C118C7700A7001A /* Assets.xcassets in Resources */,
				AC9E401F2C25516100A3813E /* Geist-Regular.otf in Resources */,
			);
			runOnlyForDeploymentPostprocessing = 0;
		};
		C06FC9FD2C118C7700A7001A /* Resources */ = {
			isa = PBXResourcesBuildPhase;
			buildActionMask = 2147483647;
			files = (
			);
			runOnlyForDeploymentPostprocessing = 0;
		};
		C06FCA072C118C7700A7001A /* Resources */ = {
			isa = PBXResourcesBuildPhase;
			buildActionMask = 2147483647;
			files = (
			);
			runOnlyForDeploymentPostprocessing = 0;
		};
/* End PBXResourcesBuildPhase section */

/* Begin PBXSourcesBuildPhase section */
		C06FC9EB2C118C7600A7001A /* Sources */ = {
			isa = PBXSourcesBuildPhase;
			buildActionMask = 2147483647;
			files = (
				ACD968C42C268FB100751AF2 /* DashboardModel.swift in Sources */,
				AC61FD672C2295620010CBE8 /* CustomEmploymentType.swift in Sources */,
				AC94B5DD2C2702580008AEA9 /* TalentProfileView.swift in Sources */,
				AC8ACA2B2C23E9DE0096DA36 /* RewardsView.swift in Sources */,
				ACD968C62C2690A100751AF2 /* LoginModel.swift in Sources */,
				AC94B5DF2C2706EE0008AEA9 /* SearchTextField.swift in Sources */,
				AC9E40542C2582FD00A3813E /* SignUpViewModel.swift in Sources */,
				AC9E40352C255D8300A3813E /* ChallengeView.swift in Sources */,
				AC9E403D2C2562F000A3813E /* CustomNavigationLink.swift in Sources */,
				AC9E40002C253AEE00A3813E /* CustomButtons.swift in Sources */,
				AC3CEFB32C251B000088FDB2 /* CompletedChallenge.swift in Sources */,
				AC94B5E22C2741A50008AEA9 /* CustomSegmentedPicker.swift in Sources */,
				AC9E400F2C254EE400A3813E /* NameView.swift in Sources */,
				AC9E40462C256DA300A3813E /* LoginViewModel.swift in Sources */,
				AC8ACA2F2C241CF40096DA36 /* AchievementCardView.swift in Sources */,
				ACD968D32C26C15900751AF2 /* SignUpModel.swift in Sources */,
				AC9E40372C255E4600A3813E /* ExploreTalentsView.swift in Sources */,
				AC9E40042C253D6300A3813E /* Phrases.swift in Sources */,
				AC9E403B2C25620C00A3813E /* Background.swift in Sources */,
				AC61FD652C2295310010CBE8 /* CustomCorners.swift in Sources */,
				AC0817522C21694900ACDE83 /* ProfileView.swift in Sources */,
				AC9E40082C253ED500A3813E /* CustomSkillTag.swift in Sources */,
				AC8ACA312C2435610096DA36 /* InterviewView.swift in Sources */,
				ACD968D52C26C2E100751AF2 /* CustomForm.swift in Sources */,
				AC9E400A2C254C9F00A3813E /* SuccessFeedbackView.swift in Sources */,
				AC9E400C2C254DFE00A3813E /* DescriptionView.swift in Sources */,
				AC9E40062C253DC200A3813E /* Size.swift in Sources */,
				AC9E40022C253B3800A3813E /* Colors.swift in Sources */,
				AC8ACA352C243AFF0096DA36 /* InterviewedListView.swift in Sources */,
				AC0817502C2167E300ACDE83 /* MainView.swift in Sources */,
				ACD968D02C26C13800751AF2 /* SignUpForm.swift in Sources */,
				ACD968CB2C2692CF00751AF2 /* LoginForm.swift in Sources */,
				ACB09AC72C23D70E0089E205 /* CustomPortfolioTag.swift in Sources */,
				AC9E402F2C2556CB00A3813E /* Fonts.swift in Sources */,
				AC61FD6B2C22D0E30010CBE8 /* ResultView.swift in Sources */,
				AC55B51D2C2310D600AC94A7 /* AllTalentsView.swift in Sources */,
				AC8ACA2D2C23EF540096DA36 /* Home.swift in Sources */,
				AC9E40322C255C9200A3813E /* HeaderView.swift in Sources */,
				AC55B51F2C23130500AC94A7 /* TalentDetailView.swift in Sources */,
				AC8ACA332C243AF20096DA36 /* WaitingListView.swift in Sources */,
				ACD968CD2C26955400751AF2 /* LoginButton.swift in Sources */,
				AC11C88D2C1812CA00854500 /* SignUpView.swift in Sources */,
				AC11C8882C180A0A00854500 /* NotificationDelegate.swift in Sources */,
				AC08174E2C215ABE00ACDE83 /* DashboardView.swift in Sources */,
				AC11C88F2C1812D000854500 /* OnboardingView.swift in Sources */,
				ACB3D64F2C228F7E0052C895 /* TalentListView.swift in Sources */,
				AC11C88B2C1812C300854500 /* LoginView.swift in Sources */,
				C06FC9F32C118C7600A7001A /* WavernApp.swift in Sources */,
				AC9E3FFB2C2537FD00A3813E /* Talent.swift in Sources */,
				ACD968D82C26C40600751AF2 /* CustomPasswordForm.swift in Sources */,
				ACD968DA2C26C6EE00751AF2 /* SignUpButton.swift in Sources */,
			);
			runOnlyForDeploymentPostprocessing = 0;
		};
		C06FC9FB2C118C7700A7001A /* Sources */ = {
			isa = PBXSourcesBuildPhase;
			buildActionMask = 2147483647;
			files = (
				C06FCA042C118C7700A7001A /* WavernTests.swift in Sources */,
			);
			runOnlyForDeploymentPostprocessing = 0;
		};
		C06FCA052C118C7700A7001A /* Sources */ = {
			isa = PBXSourcesBuildPhase;
			buildActionMask = 2147483647;
			files = (
				C06FCA0E2C118C7700A7001A /* WavernUITests.swift in Sources */,
				C06FCA102C118C7700A7001A /* WavernUITestsLaunchTests.swift in Sources */,
			);
			runOnlyForDeploymentPostprocessing = 0;
		};
/* End PBXSourcesBuildPhase section */

/* Begin PBXTargetDependency section */
		C06FCA012C118C7700A7001A /* PBXTargetDependency */ = {
			isa = PBXTargetDependency;
			target = C06FC9EE2C118C7600A7001A /* Wavern */;
			targetProxy = C06FCA002C118C7700A7001A /* PBXContainerItemProxy */;
		};
		C06FCA0B2C118C7700A7001A /* PBXTargetDependency */ = {
			isa = PBXTargetDependency;
			target = C06FC9EE2C118C7600A7001A /* Wavern */;
			targetProxy = C06FCA0A2C118C7700A7001A /* PBXContainerItemProxy */;
		};
/* End PBXTargetDependency section */

/* Begin XCBuildConfiguration section */
		C06FCA112C118C7700A7001A /* Debug */ = {
			isa = XCBuildConfiguration;
			buildSettings = {
				ALWAYS_SEARCH_USER_PATHS = NO;
				ASSETCATALOG_COMPILER_GENERATE_SWIFT_ASSET_SYMBOL_EXTENSIONS = YES;
				CLANG_ANALYZER_NONNULL = YES;
				CLANG_ANALYZER_NUMBER_OBJECT_CONVERSION = YES_AGGRESSIVE;
				CLANG_CXX_LANGUAGE_STANDARD = "gnu++20";
				CLANG_ENABLE_MODULES = YES;
				CLANG_ENABLE_OBJC_ARC = YES;
				CLANG_ENABLE_OBJC_WEAK = YES;
				CLANG_WARN_BLOCK_CAPTURE_AUTORELEASING = YES;
				CLANG_WARN_BOOL_CONVERSION = YES;
				CLANG_WARN_COMMA = YES;
				CLANG_WARN_CONSTANT_CONVERSION = YES;
				CLANG_WARN_DEPRECATED_OBJC_IMPLEMENTATIONS = YES;
				CLANG_WARN_DIRECT_OBJC_ISA_USAGE = YES_ERROR;
				CLANG_WARN_DOCUMENTATION_COMMENTS = YES;
				CLANG_WARN_EMPTY_BODY = YES;
				CLANG_WARN_ENUM_CONVERSION = YES;
				CLANG_WARN_INFINITE_RECURSION = YES;
				CLANG_WARN_INT_CONVERSION = YES;
				CLANG_WARN_NON_LITERAL_NULL_CONVERSION = YES;
				CLANG_WARN_OBJC_IMPLICIT_RETAIN_SELF = YES;
				CLANG_WARN_OBJC_LITERAL_CONVERSION = YES;
				CLANG_WARN_OBJC_ROOT_CLASS = YES_ERROR;
				CLANG_WARN_QUOTED_INCLUDE_IN_FRAMEWORK_HEADER = YES;
				CLANG_WARN_RANGE_LOOP_ANALYSIS = YES;
				CLANG_WARN_STRICT_PROTOTYPES = YES;
				CLANG_WARN_SUSPICIOUS_MOVE = YES;
				CLANG_WARN_UNGUARDED_AVAILABILITY = YES_AGGRESSIVE;
				CLANG_WARN_UNREACHABLE_CODE = YES;
				CLANG_WARN__DUPLICATE_METHOD_MATCH = YES;
				COPY_PHASE_STRIP = NO;
				DEBUG_INFORMATION_FORMAT = dwarf;
				ENABLE_STRICT_OBJC_MSGSEND = YES;
				ENABLE_TESTABILITY = YES;
				ENABLE_USER_SCRIPT_SANDBOXING = YES;
				GCC_C_LANGUAGE_STANDARD = gnu17;
				GCC_DYNAMIC_NO_PIC = NO;
				GCC_NO_COMMON_BLOCKS = YES;
				GCC_OPTIMIZATION_LEVEL = 0;
				GCC_PREPROCESSOR_DEFINITIONS = (
					"DEBUG=1",
					"$(inherited)",
				);
				GCC_WARN_64_TO_32_BIT_CONVERSION = YES;
				GCC_WARN_ABOUT_RETURN_TYPE = YES_ERROR;
				GCC_WARN_UNDECLARED_SELECTOR = YES;
				GCC_WARN_UNINITIALIZED_AUTOS = YES_AGGRESSIVE;
				GCC_WARN_UNUSED_FUNCTION = YES;
				GCC_WARN_UNUSED_VARIABLE = YES;
				IPHONEOS_DEPLOYMENT_TARGET = 17.4;
				LOCALIZATION_PREFERS_STRING_CATALOGS = YES;
				MTL_ENABLE_DEBUG_INFO = INCLUDE_SOURCE;
				MTL_FAST_MATH = YES;
				ONLY_ACTIVE_ARCH = YES;
				SDKROOT = iphoneos;
				SWIFT_ACTIVE_COMPILATION_CONDITIONS = "DEBUG $(inherited)";
				SWIFT_OPTIMIZATION_LEVEL = "-Onone";
			};
			name = Debug;
		};
		C06FCA122C118C7700A7001A /* Release */ = {
			isa = XCBuildConfiguration;
			buildSettings = {
				ALWAYS_SEARCH_USER_PATHS = NO;
				ASSETCATALOG_COMPILER_GENERATE_SWIFT_ASSET_SYMBOL_EXTENSIONS = YES;
				CLANG_ANALYZER_NONNULL = YES;
				CLANG_ANALYZER_NUMBER_OBJECT_CONVERSION = YES_AGGRESSIVE;
				CLANG_CXX_LANGUAGE_STANDARD = "gnu++20";
				CLANG_ENABLE_MODULES = YES;
				CLANG_ENABLE_OBJC_ARC = YES;
				CLANG_ENABLE_OBJC_WEAK = YES;
				CLANG_WARN_BLOCK_CAPTURE_AUTORELEASING = YES;
				CLANG_WARN_BOOL_CONVERSION = YES;
				CLANG_WARN_COMMA = YES;
				CLANG_WARN_CONSTANT_CONVERSION = YES;
				CLANG_WARN_DEPRECATED_OBJC_IMPLEMENTATIONS = YES;
				CLANG_WARN_DIRECT_OBJC_ISA_USAGE = YES_ERROR;
				CLANG_WARN_DOCUMENTATION_COMMENTS = YES;
				CLANG_WARN_EMPTY_BODY = YES;
				CLANG_WARN_ENUM_CONVERSION = YES;
				CLANG_WARN_INFINITE_RECURSION = YES;
				CLANG_WARN_INT_CONVERSION = YES;
				CLANG_WARN_NON_LITERAL_NULL_CONVERSION = YES;
				CLANG_WARN_OBJC_IMPLICIT_RETAIN_SELF = YES;
				CLANG_WARN_OBJC_LITERAL_CONVERSION = YES;
				CLANG_WARN_OBJC_ROOT_CLASS = YES_ERROR;
				CLANG_WARN_QUOTED_INCLUDE_IN_FRAMEWORK_HEADER = YES;
				CLANG_WARN_RANGE_LOOP_ANALYSIS = YES;
				CLANG_WARN_STRICT_PROTOTYPES = YES;
				CLANG_WARN_SUSPICIOUS_MOVE = YES;
				CLANG_WARN_UNGUARDED_AVAILABILITY = YES_AGGRESSIVE;
				CLANG_WARN_UNREACHABLE_CODE = YES;
				CLANG_WARN__DUPLICATE_METHOD_MATCH = YES;
				COPY_PHASE_STRIP = NO;
				DEBUG_INFORMATION_FORMAT = "dwarf-with-dsym";
				ENABLE_NS_ASSERTIONS = NO;
				ENABLE_STRICT_OBJC_MSGSEND = YES;
				ENABLE_USER_SCRIPT_SANDBOXING = YES;
				GCC_C_LANGUAGE_STANDARD = gnu17;
				GCC_NO_COMMON_BLOCKS = YES;
				GCC_WARN_64_TO_32_BIT_CONVERSION = YES;
				GCC_WARN_ABOUT_RETURN_TYPE = YES_ERROR;
				GCC_WARN_UNDECLARED_SELECTOR = YES;
				GCC_WARN_UNINITIALIZED_AUTOS = YES_AGGRESSIVE;
				GCC_WARN_UNUSED_FUNCTION = YES;
				GCC_WARN_UNUSED_VARIABLE = YES;
				IPHONEOS_DEPLOYMENT_TARGET = 17.4;
				LOCALIZATION_PREFERS_STRING_CATALOGS = YES;
				MTL_ENABLE_DEBUG_INFO = NO;
				MTL_FAST_MATH = YES;
				SDKROOT = iphoneos;
				SWIFT_COMPILATION_MODE = wholemodule;
				VALIDATE_PRODUCT = YES;
			};
			name = Release;
		};
		C06FCA142C118C7700A7001A /* Debug */ = {
			isa = XCBuildConfiguration;
			buildSettings = {
				ASSETCATALOG_COMPILER_APPICON_NAME = AppIcon;
				ASSETCATALOG_COMPILER_GLOBAL_ACCENT_COLOR_NAME = AccentColor;
				CODE_SIGN_STYLE = Automatic;
				CURRENT_PROJECT_VERSION = 1;
				DEVELOPMENT_ASSET_PATHS = "\"Wavern/Preview Content\"";
				DEVELOPMENT_TEAM = ARLGKL6RC3;
				ENABLE_PREVIEWS = YES;
				GENERATE_INFOPLIST_FILE = YES;
				INFOPLIST_FILE = Wavern/Info.plist;
				INFOPLIST_KEY_UIApplicationSceneManifest_Generation = YES;
				INFOPLIST_KEY_UIApplicationSupportsIndirectInputEvents = YES;
				INFOPLIST_KEY_UILaunchScreen_Generation = YES;
				INFOPLIST_KEY_UISupportedInterfaceOrientations_iPad = "UIInterfaceOrientationPortrait UIInterfaceOrientationPortraitUpsideDown UIInterfaceOrientationLandscapeLeft UIInterfaceOrientationLandscapeRight";
				INFOPLIST_KEY_UISupportedInterfaceOrientations_iPhone = "UIInterfaceOrientationPortrait UIInterfaceOrientationLandscapeLeft UIInterfaceOrientationLandscapeRight";
				LD_RUNPATH_SEARCH_PATHS = (
					"$(inherited)",
					"@executable_path/Frameworks",
				);
				MARKETING_VERSION = 1.0;
				PRODUCT_BUNDLE_IDENTIFIER = Tester.Wavern;
				PRODUCT_NAME = "$(TARGET_NAME)";
				SWIFT_EMIT_LOC_STRINGS = YES;
				SWIFT_VERSION = 5.0;
				TARGETED_DEVICE_FAMILY = "1,2";
			};
			name = Debug;
		};
		C06FCA152C118C7700A7001A /* Release */ = {
			isa = XCBuildConfiguration;
			buildSettings = {
				ASSETCATALOG_COMPILER_APPICON_NAME = AppIcon;
				ASSETCATALOG_COMPILER_GLOBAL_ACCENT_COLOR_NAME = AccentColor;
				CODE_SIGN_STYLE = Automatic;
				CURRENT_PROJECT_VERSION = 1;
				DEVELOPMENT_ASSET_PATHS = "\"Wavern/Preview Content\"";
				DEVELOPMENT_TEAM = ARLGKL6RC3;
				ENABLE_PREVIEWS = YES;
				GENERATE_INFOPLIST_FILE = YES;
				INFOPLIST_FILE = Wavern/Info.plist;
				INFOPLIST_KEY_UIApplicationSceneManifest_Generation = YES;
				INFOPLIST_KEY_UIApplicationSupportsIndirectInputEvents = YES;
				INFOPLIST_KEY_UILaunchScreen_Generation = YES;
				INFOPLIST_KEY_UISupportedInterfaceOrientations_iPad = "UIInterfaceOrientationPortrait UIInterfaceOrientationPortraitUpsideDown UIInterfaceOrientationLandscapeLeft UIInterfaceOrientationLandscapeRight";
				INFOPLIST_KEY_UISupportedInterfaceOrientations_iPhone = "UIInterfaceOrientationPortrait UIInterfaceOrientationLandscapeLeft UIInterfaceOrientationLandscapeRight";
				LD_RUNPATH_SEARCH_PATHS = (
					"$(inherited)",
					"@executable_path/Frameworks",
				);
				MARKETING_VERSION = 1.0;
				PRODUCT_BUNDLE_IDENTIFIER = Tester.Wavern;
				PRODUCT_NAME = "$(TARGET_NAME)";
				SWIFT_EMIT_LOC_STRINGS = YES;
				SWIFT_VERSION = 5.0;
				TARGETED_DEVICE_FAMILY = "1,2";
			};
			name = Release;
		};
		C06FCA172C118C7700A7001A /* Debug */ = {
			isa = XCBuildConfiguration;
			buildSettings = {
				ALWAYS_EMBED_SWIFT_STANDARD_LIBRARIES = YES;
				BUNDLE_LOADER = "$(TEST_HOST)";
				CODE_SIGN_STYLE = Automatic;
				CURRENT_PROJECT_VERSION = 1;
				GENERATE_INFOPLIST_FILE = YES;
				IPHONEOS_DEPLOYMENT_TARGET = 17.4;
				MARKETING_VERSION = 1.0;
				PRODUCT_BUNDLE_IDENTIFIER = Tester.WavernTests;
				PRODUCT_NAME = "$(TARGET_NAME)";
				SWIFT_EMIT_LOC_STRINGS = NO;
				SWIFT_VERSION = 5.0;
				TARGETED_DEVICE_FAMILY = "1,2";
				TEST_HOST = "$(BUILT_PRODUCTS_DIR)/Wavern.app/$(BUNDLE_EXECUTABLE_FOLDER_PATH)/Wavern";
			};
			name = Debug;
		};
		C06FCA182C118C7700A7001A /* Release */ = {
			isa = XCBuildConfiguration;
			buildSettings = {
				ALWAYS_EMBED_SWIFT_STANDARD_LIBRARIES = YES;
				BUNDLE_LOADER = "$(TEST_HOST)";
				CODE_SIGN_STYLE = Automatic;
				CURRENT_PROJECT_VERSION = 1;
				GENERATE_INFOPLIST_FILE = YES;
				IPHONEOS_DEPLOYMENT_TARGET = 17.4;
				MARKETING_VERSION = 1.0;
				PRODUCT_BUNDLE_IDENTIFIER = Tester.WavernTests;
				PRODUCT_NAME = "$(TARGET_NAME)";
				SWIFT_EMIT_LOC_STRINGS = NO;
				SWIFT_VERSION = 5.0;
				TARGETED_DEVICE_FAMILY = "1,2";
				TEST_HOST = "$(BUILT_PRODUCTS_DIR)/Wavern.app/$(BUNDLE_EXECUTABLE_FOLDER_PATH)/Wavern";
			};
			name = Release;
		};
		C06FCA1A2C118C7700A7001A /* Debug */ = {
			isa = XCBuildConfiguration;
			buildSettings = {
				ALWAYS_EMBED_SWIFT_STANDARD_LIBRARIES = YES;
				CODE_SIGN_STYLE = Automatic;
				CURRENT_PROJECT_VERSION = 1;
				GENERATE_INFOPLIST_FILE = YES;
				MARKETING_VERSION = 1.0;
				PRODUCT_BUNDLE_IDENTIFIER = Tester.WavernUITests;
				PRODUCT_NAME = "$(TARGET_NAME)";
				SWIFT_EMIT_LOC_STRINGS = NO;
				SWIFT_VERSION = 5.0;
				TARGETED_DEVICE_FAMILY = "1,2";
				TEST_TARGET_NAME = Wavern;
			};
			name = Debug;
		};
		C06FCA1B2C118C7700A7001A /* Release */ = {
			isa = XCBuildConfiguration;
			buildSettings = {
				ALWAYS_EMBED_SWIFT_STANDARD_LIBRARIES = YES;
				CODE_SIGN_STYLE = Automatic;
				CURRENT_PROJECT_VERSION = 1;
				GENERATE_INFOPLIST_FILE = YES;
				MARKETING_VERSION = 1.0;
				PRODUCT_BUNDLE_IDENTIFIER = Tester.WavernUITests;
				PRODUCT_NAME = "$(TARGET_NAME)";
				SWIFT_EMIT_LOC_STRINGS = NO;
				SWIFT_VERSION = 5.0;
				TARGETED_DEVICE_FAMILY = "1,2";
				TEST_TARGET_NAME = Wavern;
			};
			name = Release;
		};
/* End XCBuildConfiguration section */

/* Begin XCConfigurationList section */
		C06FC9EA2C118C7600A7001A /* Build configuration list for PBXProject "Wavern" */ = {
			isa = XCConfigurationList;
			buildConfigurations = (
				C06FCA112C118C7700A7001A /* Debug */,
				C06FCA122C118C7700A7001A /* Release */,
			);
			defaultConfigurationIsVisible = 0;
			defaultConfigurationName = Release;
		};
		C06FCA132C118C7700A7001A /* Build configuration list for PBXNativeTarget "Wavern" */ = {
			isa = XCConfigurationList;
			buildConfigurations = (
				C06FCA142C118C7700A7001A /* Debug */,
				C06FCA152C118C7700A7001A /* Release */,
			);
			defaultConfigurationIsVisible = 0;
			defaultConfigurationName = Release;
		};
		C06FCA162C118C7700A7001A /* Build configuration list for PBXNativeTarget "WavernTests" */ = {
			isa = XCConfigurationList;
			buildConfigurations = (
				C06FCA172C118C7700A7001A /* Debug */,
				C06FCA182C118C7700A7001A /* Release */,
			);
			defaultConfigurationIsVisible = 0;
			defaultConfigurationName = Release;
		};
		C06FCA192C118C7700A7001A /* Build configuration list for PBXNativeTarget "WavernUITests" */ = {
			isa = XCConfigurationList;
			buildConfigurations = (
				C06FCA1A2C118C7700A7001A /* Debug */,
				C06FCA1B2C118C7700A7001A /* Release */,
			);
			defaultConfigurationIsVisible = 0;
			defaultConfigurationName = Release;
		};
/* End XCConfigurationList section */
	};
	rootObject = C06FC9E72C118C7600A7001A /* Project object */;
}
