// !$*UTF8*$!
{
	archiveVersion = 1;
	classes = {
	};
	objectVersion = 56;
	objects = {

/* Begin PBXBuildFile section */
		AC11C8882C180A0A00854500 /* NotificationDelegate.swift in Sources */ = {isa = PBXBuildFile; fileRef = AC11C8872C180A0A00854500 /* NotificationDelegate.swift */; };
		AC11C88B2C1812C300854500 /* LoginView.swift in Sources */ = {isa = PBXBuildFile; fileRef = AC11C88A2C1812C300854500 /* LoginView.swift */; };
		AC11C88D2C1812CA00854500 /* SignUpView.swift in Sources */ = {isa = PBXBuildFile; fileRef = AC11C88C2C1812CA00854500 /* SignUpView.swift */; };
		AC11C88F2C1812D000854500 /* OnboardingView.swift in Sources */ = {isa = PBXBuildFile; fileRef = AC11C88E2C1812D000854500 /* OnboardingView.swift */; };
		AC11C8912C1815EA00854500 /* HomeView.swift in Sources */ = {isa = PBXBuildFile; fileRef = AC11C8902C1815EA00854500 /* HomeView.swift */; };
		C06FC9F32C118C7600A7001A /* WavernApp.swift in Sources */ = {isa = PBXBuildFile; fileRef = C06FC9F22C118C7600A7001A /* WavernApp.swift */; };
		C06FC9F52C118C7600A7001A /* ContentView.swift in Sources */ = {isa = PBXBuildFile; fileRef = C06FC9F42C118C7600A7001A /* ContentView.swift */; };
		C06FC9F72C118C7700A7001A /* Assets.xcassets in Resources */ = {isa = PBXBuildFile; fileRef = C06FC9F62C118C7700A7001A /* Assets.xcassets */; };
		C06FC9FA2C118C7700A7001A /* Preview Assets.xcassets in Resources */ = {isa = PBXBuildFile; fileRef = C06FC9F92C118C7700A7001A /* Preview Assets.xcassets */; };
		C06FCA042C118C7700A7001A /* WavernTests.swift in Sources */ = {isa = PBXBuildFile; fileRef = C06FCA032C118C7700A7001A /* WavernTests.swift */; };
		C06FCA0E2C118C7700A7001A /* WavernUITests.swift in Sources */ = {isa = PBXBuildFile; fileRef = C06FCA0D2C118C7700A7001A /* WavernUITests.swift */; };
		C06FCA102C118C7700A7001A /* WavernUITestsLaunchTests.swift in Sources */ = {isa = PBXBuildFile; fileRef = C06FCA0F2C118C7700A7001A /* WavernUITestsLaunchTests.swift */; };
/* End PBXBuildFile section */

/* Begin PBXContainerItemProxy section */
		C06FCA002C118C7700A7001A /* PBXContainerItemProxy */ = {
			isa = PBXContainerItemProxy;
			containerPortal = C06FC9E72C118C7600A7001A /* Project object */;
			proxyType = 1;
			remoteGlobalIDString = C06FC9EE2C118C7600A7001A;
			remoteInfo = Wavern;
		};
		C06FCA0A2C118C7700A7001A /* PBXContainerItemProxy */ = {
			isa = PBXContainerItemProxy;
			containerPortal = C06FC9E72C118C7600A7001A /* Project object */;
			proxyType = 1;
			remoteGlobalIDString = C06FC9EE2C118C7600A7001A;
			remoteInfo = Wavern;
		};
/* End PBXContainerItemProxy section */

/* Begin PBXFileReference section */
		AC11C8872C180A0A00854500 /* NotificationDelegate.swift */ = {isa = PBXFileReference; lastKnownFileType = sourcecode.swift; path = NotificationDelegate.swift; sourceTree = "<group>"; };
		AC11C88A2C1812C300854500 /* LoginView.swift */ = {isa = PBXFileReference; lastKnownFileType = sourcecode.swift; path = LoginView.swift; sourceTree = "<group>"; };
		AC11C88C2C1812CA00854500 /* SignUpView.swift */ = {isa = PBXFileReference; lastKnownFileType = sourcecode.swift; path = SignUpView.swift; sourceTree = "<group>"; };
		AC11C88E2C1812D000854500 /* OnboardingView.swift */ = {isa = PBXFileReference; lastKnownFileType = sourcecode.swift; path = OnboardingView.swift; sourceTree = "<group>"; };
		AC11C8902C1815EA00854500 /* HomeView.swift */ = {isa = PBXFileReference; lastKnownFileType = sourcecode.swift; path = HomeView.swift; sourceTree = "<group>"; };
		C06FC9EF2C118C7600A7001A /* Wavern.app */ = {isa = PBXFileReference; explicitFileType = wrapper.application; includeInIndex = 0; path = Wavern.app; sourceTree = BUILT_PRODUCTS_DIR; };
		C06FC9F22C118C7600A7001A /* WavernApp.swift */ = {isa = PBXFileReference; lastKnownFileType = sourcecode.swift; path = WavernApp.swift; sourceTree = "<group>"; };
		C06FC9F42C118C7600A7001A /* ContentView.swift */ = {isa = PBXFileReference; lastKnownFileType = sourcecode.swift; path = ContentView.swift; sourceTree = "<group>"; };
		C06FC9F62C118C7700A7001A /* Assets.xcassets */ = {isa = PBXFileReference; lastKnownFileType = folder.assetcatalog; path = Assets.xcassets; sourceTree = "<group>"; };
		C06FC9F92C118C7700A7001A /* Preview Assets.xcassets */ = {isa = PBXFileReference; lastKnownFileType = folder.assetcatalog; path = "Preview Assets.xcassets"; sourceTree = "<group>"; };
		C06FC9FF2C118C7700A7001A /* WavernTests.xctest */ = {isa = PBXFileReference; explicitFileType = wrapper.cfbundle; includeInIndex = 0; path = WavernTests.xctest; sourceTree = BUILT_PRODUCTS_DIR; };
		C06FCA032C118C7700A7001A /* WavernTests.swift */ = {isa = PBXFileReference; lastKnownFileType = sourcecode.swift; path = WavernTests.swift; sourceTree = "<group>"; };
		C06FCA092C118C7700A7001A /* WavernUITests.xctest */ = {isa = PBXFileReference; explicitFileType = wrapper.cfbundle; includeInIndex = 0; path = WavernUITests.xctest; sourceTree = BUILT_PRODUCTS_DIR; };
		C06FCA0D2C118C7700A7001A /* WavernUITests.swift */ = {isa = PBXFileReference; lastKnownFileType = sourcecode.swift; path = WavernUITests.swift; sourceTree = "<group>"; };
		C06FCA0F2C118C7700A7001A /* WavernUITestsLaunchTests.swift */ = {isa = PBXFileReference; lastKnownFileType = sourcecode.swift; path = WavernUITestsLaunchTests.swift; sourceTree = "<group>"; };
/* End PBXFileReference section */

/* Begin PBXFrameworksBuildPhase section */
		C06FC9EC2C118C7600A7001A /* Frameworks */ = {
			isa = PBXFrameworksBuildPhase;
			buildActionMask = 2147483647;
			files = (
			);
			runOnlyForDeploymentPostprocessing = 0;
		};
		C06FC9FC2C118C7700A7001A /* Frameworks */ = {
			isa = PBXFrameworksBuildPhase;
			buildActionMask = 2147483647;
			files = (
			);
			runOnlyForDeploymentPostprocessing = 0;
		};
		C06FCA062C118C7700A7001A /* Frameworks */ = {
			isa = PBXFrameworksBuildPhase;
			buildActionMask = 2147483647;
			files = (
			);
			runOnlyForDeploymentPostprocessing = 0;
		};
/* End PBXFrameworksBuildPhase section */

/* Begin PBXGroup section */
		AC11C8862C1809FF00854500 /* Model */ = {
			isa = PBXGroup;
			children = (
				AC11C8872C180A0A00854500 /* NotificationDelegate.swift */,
			);
			path = Model;
			sourceTree = "<group>";
		};
		AC11C8892C1812AF00854500 /* View */ = {
			isa = PBXGroup;
			children = (
				AC11C88A2C1812C300854500 /* LoginView.swift */,
				AC11C88C2C1812CA00854500 /* SignUpView.swift */,
				AC11C88E2C1812D000854500 /* OnboardingView.swift */,
				AC11C8902C1815EA00854500 /* HomeView.swift */,
			);
			path = View;
			sourceTree = "<group>";
		};
		C06FC9E62C118C7600A7001A = {
			isa = PBXGroup;
			children = (
				C06FC9F12C118C7600A7001A /* Wavern */,
				C06FCA022C118C7700A7001A /* WavernTests */,
				C06FCA0C2C118C7700A7001A /* WavernUITests */,
				C06FC9F02C118C7600A7001A /* Products */,
			);
			sourceTree = "<group>";
		};
		C06FC9F02C118C7600A7001A /* Products */ = {
			isa = PBXGroup;
			children = (
				C06FC9EF2C118C7600A7001A /* Wavern.app */,
				C06FC9FF2C118C7700A7001A /* WavernTests.xctest */,
				C06FCA092C118C7700A7001A /* WavernUITests.xctest */,
			);
			name = Products;
			sourceTree = "<group>";
		};
		C06FC9F12C118C7600A7001A /* Wavern */ = {
			isa = PBXGroup;
			children = (
				AC11C8862C1809FF00854500 /* Model */,
				AC11C8892C1812AF00854500 /* View */,
				C06FC9F22C118C7600A7001A /* WavernApp.swift */,
				C06FC9F42C118C7600A7001A /* ContentView.swift */,
				C06FC9F62C118C7700A7001A /* Assets.xcassets */,
				C06FC9F82C118C7700A7001A /* Preview Content */,
			);
			path = Wavern;
			sourceTree = "<group>";
		};
		C06FC9F82C118C7700A7001A /* Preview Content */ = {
			isa = PBXGroup;
			children = (
				C06FC9F92C118C7700A7001A /* Preview Assets.xcassets */,
			);
			path = "Preview Content";
			sourceTree = "<group>";
		};
		C06FCA022C118C7700A7001A /* WavernTests */ = {
			isa = PBXGroup;
			children = (
				C06FCA032C118C7700A7001A /* WavernTests.swift */,
			);
			path = WavernTests;
			sourceTree = "<group>";
		};
		C06FCA0C2C118C7700A7001A /* WavernUITests */ = {
			isa = PBXGroup;
			children = (
				C06FCA0D2C118C7700A7001A /* WavernUITests.swift */,
				C06FCA0F2C118C7700A7001A /* WavernUITestsLaunchTests.swift */,
			);
			path = WavernUITests;
			sourceTree = "<group>";
		};
/* End PBXGroup section */

/* Begin PBXNativeTarget section */
		C06FC9EE2C118C7600A7001A /* Wavern */ = {
			isa = PBXNativeTarget;
			buildConfigurationList = C06FCA132C118C7700A7001A /* Build configuration list for PBXNativeTarget "Wavern" */;
			buildPhases = (
				C06FC9EB2C118C7600A7001A /* Sources */,
				C06FC9EC2C118C7600A7001A /* Frameworks */,
				C06FC9ED2C118C7600A7001A /* Resources */,
			);
			buildRules = (
			);
			dependencies = (
			);
			name = Wavern;
			productName = Wavern;
			productReference = C06FC9EF2C118C7600A7001A /* Wavern.app */;
			productType = "com.apple.product-type.application";
		};
		C06FC9FE2C118C7700A7001A /* WavernTests */ = {
			isa = PBXNativeTarget;
			buildConfigurationList = C06FCA162C118C7700A7001A /* Build configuration list for PBXNativeTarget "WavernTests" */;
			buildPhases = (
				C06FC9FB2C118C7700A7001A /* Sources */,
				C06FC9FC2C118C7700A7001A /* Frameworks */,
				C06FC9FD2C118C7700A7001A /* Resources */,
			);
			buildRules = (
			);
			dependencies = (
				C06FCA012C118C7700A7001A /* PBXTargetDependency */,
			);
			name = WavernTests;
			productName = WavernTests;
			productReference = C06FC9FF2C118C7700A7001A /* WavernTests.xctest */;
			productType = "com.apple.product-type.bundle.unit-test";
		};
		C06FCA082C118C7700A7001A /* WavernUITests */ = {
			isa = PBXNativeTarget;
			buildConfigurationList = C06FCA192C118C7700A7001A /* Build configuration list for PBXNativeTarget "WavernUITests" */;
			buildPhases = (
				C06FCA052C118C7700A7001A /* Sources */,
				C06FCA062C118C7700A7001A /* Frameworks */,
				C06FCA072C118C7700A7001A /* Resources */,
			);
			buildRules = (
			);
			dependencies = (
				C06FCA0B2C118C7700A7001A /* PBXTargetDependency */,
			);
			name = WavernUITests;
			productName = WavernUITests;
			productReference = C06FCA092C118C7700A7001A /* WavernUITests.xctest */;
			productType = "com.apple.product-type.bundle.ui-testing";
		};
/* End PBXNativeTarget section */

/* Begin PBXProject section */
		C06FC9E72C118C7600A7001A /* Project object */ = {
			isa = PBXProject;
			attributes = {
				BuildIndependentTargetsInParallel = 1;
				LastSwiftUpdateCheck = 1530;
				LastUpgradeCheck = 1530;
				TargetAttributes = {
					C06FC9EE2C118C7600A7001A = {
						CreatedOnToolsVersion = 15.3;
					};
					C06FC9FE2C118C7700A7001A = {
						CreatedOnToolsVersion = 15.3;
						TestTargetID = C06FC9EE2C118C7600A7001A;
					};
					C06FCA082C118C7700A7001A = {
						CreatedOnToolsVersion = 15.3;
						TestTargetID = C06FC9EE2C118C7600A7001A;
					};
				};
			};
			buildConfigurationList = C06FC9EA2C118C7600A7001A /* Build configuration list for PBXProject "Wavern" */;
			compatibilityVersion = "Xcode 14.0";
			developmentRegion = en;
			hasScannedForEncodings = 0;
			knownRegions = (
				en,
				Base,
			);
			mainGroup = C06FC9E62C118C7600A7001A;
			productRefGroup = C06FC9F02C118C7600A7001A /* Products */;
			projectDirPath = "";
			projectRoot = "";
			targets = (
				C06FC9EE2C118C7600A7001A /* Wavern */,
				C06FC9FE2C118C7700A7001A /* WavernTests */,
				C06FCA082C118C7700A7001A /* WavernUITests */,
			);
		};
/* End PBXProject section */

/* Begin PBXResourcesBuildPhase section */
		C06FC9ED2C118C7600A7001A /* Resources */ = {
			isa = PBXResourcesBuildPhase;
			buildActionMask = 2147483647;
			files = (
				C06FC9FA2C118C7700A7001A /* Preview Assets.xcassets in Resources */,
				C06FC9F72C118C7700A7001A /* Assets.xcassets in Resources */,
			);
			runOnlyForDeploymentPostprocessing = 0;
		};
		C06FC9FD2C118C7700A7001A /* Resources */ = {
			isa = PBXResourcesBuildPhase;
			buildActionMask = 2147483647;
			files = (
			);
			runOnlyForDeploymentPostprocessing = 0;
		};
		C06FCA072C118C7700A7001A /* Resources */ = {
			isa = PBXResourcesBuildPhase;
			buildActionMask = 2147483647;
			files = (
			);
			runOnlyForDeploymentPostprocessing = 0;
		};
/* End PBXResourcesBuildPhase section */

/* Begin PBXSourcesBuildPhase section */
		C06FC9EB2C118C7600A7001A /* Sources */ = {
			isa = PBXSourcesBuildPhase;
			buildActionMask = 2147483647;
			files = (
				C06FC9F52C118C7600A7001A /* ContentView.swift in Sources */,
				AC11C8912C1815EA00854500 /* HomeView.swift in Sources */,
				AC11C88D2C1812CA00854500 /* SignUpView.swift in Sources */,
				AC11C8882C180A0A00854500 /* NotificationDelegate.swift in Sources */,
				AC11C88F2C1812D000854500 /* OnboardingView.swift in Sources */,
				AC11C88B2C1812C300854500 /* LoginView.swift in Sources */,
				C06FC9F32C118C7600A7001A /* WavernApp.swift in Sources */,
			);
			runOnlyForDeploymentPostprocessing = 0;
		};
		C06FC9FB2C118C7700A7001A /* Sources */ = {
			isa = PBXSourcesBuildPhase;
			buildActionMask = 2147483647;
			files = (
				C06FCA042C118C7700A7001A /* WavernTests.swift in Sources */,
			);
			runOnlyForDeploymentPostprocessing = 0;
		};
		C06FCA052C118C7700A7001A /* Sources */ = {
			isa = PBXSourcesBuildPhase;
			buildActionMask = 2147483647;
			files = (
				C06FCA0E2C118C7700A7001A /* WavernUITests.swift in Sources */,
				C06FCA102C118C7700A7001A /* WavernUITestsLaunchTests.swift in Sources */,
			);
			runOnlyForDeploymentPostprocessing = 0;
		};
/* End PBXSourcesBuildPhase section */

/* Begin PBXTargetDependency section */
		C06FCA012C118C7700A7001A /* PBXTargetDependency */ = {
			isa = PBXTargetDependency;
			target = C06FC9EE2C118C7600A7001A /* Wavern */;
			targetProxy = C06FCA002C118C7700A7001A /* PBXContainerItemProxy */;
		};
		C06FCA0B2C118C7700A7001A /* PBXTargetDependency */ = {
			isa = PBXTargetDependency;
			target = C06FC9EE2C118C7600A7001A /* Wavern */;
			targetProxy = C06FCA0A2C118C7700A7001A /* PBXContainerItemProxy */;
		};
/* End PBXTargetDependency section */

/* Begin XCBuildConfiguration section */
		C06FCA112C118C7700A7001A /* Debug */ = {
			isa = XCBuildConfiguration;
			buildSettings = {
				ALWAYS_SEARCH_USER_PATHS = NO;
				ASSETCATALOG_COMPILER_GENERATE_SWIFT_ASSET_SYMBOL_EXTENSIONS = YES;
				CLANG_ANALYZER_NONNULL = YES;
				CLANG_ANALYZER_NUMBER_OBJECT_CONVERSION = YES_AGGRESSIVE;
				CLANG_CXX_LANGUAGE_STANDARD = "gnu++20";
				CLANG_ENABLE_MODULES = YES;
				CLANG_ENABLE_OBJC_ARC = YES;
				CLANG_ENABLE_OBJC_WEAK = YES;
				CLANG_WARN_BLOCK_CAPTURE_AUTORELEASING = YES;
				CLANG_WARN_BOOL_CONVERSION = YES;
				CLANG_WARN_COMMA = YES;
				CLANG_WARN_CONSTANT_CONVERSION = YES;
				CLANG_WARN_DEPRECATED_OBJC_IMPLEMENTATIONS = YES;
				CLANG_WARN_DIRECT_OBJC_ISA_USAGE = YES_ERROR;
				CLANG_WARN_DOCUMENTATION_COMMENTS = YES;
				CLANG_WARN_EMPTY_BODY = YES;
				CLANG_WARN_ENUM_CONVERSION = YES;
				CLANG_WARN_INFINITE_RECURSION = YES;
				CLANG_WARN_INT_CONVERSION = YES;
				CLANG_WARN_NON_LITERAL_NULL_CONVERSION = YES;
				CLANG_WARN_OBJC_IMPLICIT_RETAIN_SELF = YES;
				CLANG_WARN_OBJC_LITERAL_CONVERSION = YES;
				CLANG_WARN_OBJC_ROOT_CLASS = YES_ERROR;
				CLANG_WARN_QUOTED_INCLUDE_IN_FRAMEWORK_HEADER = YES;
				CLANG_WARN_RANGE_LOOP_ANALYSIS = YES;
				CLANG_WARN_STRICT_PROTOTYPES = YES;
				CLANG_WARN_SUSPICIOUS_MOVE = YES;
				CLANG_WARN_UNGUARDED_AVAILABILITY = YES_AGGRESSIVE;
				CLANG_WARN_UNREACHABLE_CODE = YES;
				CLANG_WARN__DUPLICATE_METHOD_MATCH = YES;
				COPY_PHASE_STRIP = NO;
				DEBUG_INFORMATION_FORMAT = dwarf;
				ENABLE_STRICT_OBJC_MSGSEND = YES;
				ENABLE_TESTABILITY = YES;
				ENABLE_USER_SCRIPT_SANDBOXING = YES;
				GCC_C_LANGUAGE_STANDARD = gnu17;
				GCC_DYNAMIC_NO_PIC = NO;
				GCC_NO_COMMON_BLOCKS = YES;
				GCC_OPTIMIZATION_LEVEL = 0;
				GCC_PREPROCESSOR_DEFINITIONS = (
					"DEBUG=1",
					"$(inherited)",
				);
				GCC_WARN_64_TO_32_BIT_CONVERSION = YES;
				GCC_WARN_ABOUT_RETURN_TYPE = YES_ERROR;
				GCC_WARN_UNDECLARED_SELECTOR = YES;
				GCC_WARN_UNINITIALIZED_AUTOS = YES_AGGRESSIVE;
				GCC_WARN_UNUSED_FUNCTION = YES;
				GCC_WARN_UNUSED_VARIABLE = YES;
				IPHONEOS_DEPLOYMENT_TARGET = 17.4;
				LOCALIZATION_PREFERS_STRING_CATALOGS = YES;
				MTL_ENABLE_DEBUG_INFO = INCLUDE_SOURCE;
				MTL_FAST_MATH = YES;
				ONLY_ACTIVE_ARCH = YES;
				SDKROOT = iphoneos;
				SWIFT_ACTIVE_COMPILATION_CONDITIONS = "DEBUG $(inherited)";
				SWIFT_OPTIMIZATION_LEVEL = "-Onone";
			};
			name = Debug;
		};
		C06FCA122C118C7700A7001A /* Release */ = {
			isa = XCBuildConfiguration;
			buildSettings = {
				ALWAYS_SEARCH_USER_PATHS = NO;
				ASSETCATALOG_COMPILER_GENERATE_SWIFT_ASSET_SYMBOL_EXTENSIONS = YES;
				CLANG_ANALYZER_NONNULL = YES;
				CLANG_ANALYZER_NUMBER_OBJECT_CONVERSION = YES_AGGRESSIVE;
				CLANG_CXX_LANGUAGE_STANDARD = "gnu++20";
				CLANG_ENABLE_MODULES = YES;
				CLANG_ENABLE_OBJC_ARC = YES;
				CLANG_ENABLE_OBJC_WEAK = YES;
				CLANG_WARN_BLOCK_CAPTURE_AUTORELEASING = YES;
				CLANG_WARN_BOOL_CONVERSION = YES;
				CLANG_WARN_COMMA = YES;
				CLANG_WARN_CONSTANT_CONVERSION = YES;
				CLANG_WARN_DEPRECATED_OBJC_IMPLEMENTATIONS = YES;
				CLANG_WARN_DIRECT_OBJC_ISA_USAGE = YES_ERROR;
				CLANG_WARN_DOCUMENTATION_COMMENTS = YES;
				CLANG_WARN_EMPTY_BODY = YES;
				CLANG_WARN_ENUM_CONVERSION = YES;
				CLANG_WARN_INFINITE_RECURSION = YES;
				CLANG_WARN_INT_CONVERSION = YES;
				CLANG_WARN_NON_LITERAL_NULL_CONVERSION = YES;
				CLANG_WARN_OBJC_IMPLICIT_RETAIN_SELF = YES;
				CLANG_WARN_OBJC_LITERAL_CONVERSION = YES;
				CLANG_WARN_OBJC_ROOT_CLASS = YES_ERROR;
				CLANG_WARN_QUOTED_INCLUDE_IN_FRAMEWORK_HEADER = YES;
				CLANG_WARN_RANGE_LOOP_ANALYSIS = YES;
				CLANG_WARN_STRICT_PROTOTYPES = YES;
				CLANG_WARN_SUSPICIOUS_MOVE = YES;
				CLANG_WARN_UNGUARDED_AVAILABILITY = YES_AGGRESSIVE;
				CLANG_WARN_UNREACHABLE_CODE = YES;
				CLANG_WARN__DUPLICATE_METHOD_MATCH = YES;
				COPY_PHASE_STRIP = NO;
				DEBUG_INFORMATION_FORMAT = "dwarf-with-dsym";
				ENABLE_NS_ASSERTIONS = NO;
				ENABLE_STRICT_OBJC_MSGSEND = YES;
				ENABLE_USER_SCRIPT_SANDBOXING = YES;
				GCC_C_LANGUAGE_STANDARD = gnu17;
				GCC_NO_COMMON_BLOCKS = YES;
				GCC_WARN_64_TO_32_BIT_CONVERSION = YES;
				GCC_WARN_ABOUT_RETURN_TYPE = YES_ERROR;
				GCC_WARN_UNDECLARED_SELECTOR = YES;
				GCC_WARN_UNINITIALIZED_AUTOS = YES_AGGRESSIVE;
				GCC_WARN_UNUSED_FUNCTION = YES;
				GCC_WARN_UNUSED_VARIABLE = YES;
				IPHONEOS_DEPLOYMENT_TARGET = 17.4;
				LOCALIZATION_PREFERS_STRING_CATALOGS = YES;
				MTL_ENABLE_DEBUG_INFO = NO;
				MTL_FAST_MATH = YES;
				SDKROOT = iphoneos;
				SWIFT_COMPILATION_MODE = wholemodule;
				VALIDATE_PRODUCT = YES;
			};
			name = Release;
		};
		C06FCA142C118C7700A7001A /* Debug */ = {
			isa = XCBuildConfiguration;
			buildSettings = {
				ASSETCATALOG_COMPILER_APPICON_NAME = AppIcon;
				ASSETCATALOG_COMPILER_GLOBAL_ACCENT_COLOR_NAME = AccentColor;
				CODE_SIGN_STYLE = Automatic;
				CURRENT_PROJECT_VERSION = 1;
				DEVELOPMENT_ASSET_PATHS = "\"Wavern/Preview Content\"";
				DEVELOPMENT_TEAM = ARLGKL6RC3;
				ENABLE_PREVIEWS = YES;
				GENERATE_INFOPLIST_FILE = YES;
				INFOPLIST_KEY_UIApplicationSceneManifest_Generation = YES;
				INFOPLIST_KEY_UIApplicationSupportsIndirectInputEvents = YES;
				INFOPLIST_KEY_UILaunchScreen_Generation = YES;
				INFOPLIST_KEY_UISupportedInterfaceOrientations_iPad = "UIInterfaceOrientationPortrait UIInterfaceOrientationPortraitUpsideDown UIInterfaceOrientationLandscapeLeft UIInterfaceOrientationLandscapeRight";
				INFOPLIST_KEY_UISupportedInterfaceOrientations_iPhone = "UIInterfaceOrientationPortrait UIInterfaceOrientationLandscapeLeft UIInterfaceOrientationLandscapeRight";
				LD_RUNPATH_SEARCH_PATHS = (
					"$(inherited)",
					"@executable_path/Frameworks",
				);
				MARKETING_VERSION = 1.0;
				PRODUCT_BUNDLE_IDENTIFIER = Tester.Wavern;
				PRODUCT_NAME = "$(TARGET_NAME)";
				SWIFT_EMIT_LOC_STRINGS = YES;
				SWIFT_VERSION = 5.0;
				TARGETED_DEVICE_FAMILY = "1,2";
			};
			name = Debug;
		};
		C06FCA152C118C7700A7001A /* Release */ = {
			isa = XCBuildConfiguration;
			buildSettings = {
				ASSETCATALOG_COMPILER_APPICON_NAME = AppIcon;
				ASSETCATALOG_COMPILER_GLOBAL_ACCENT_COLOR_NAME = AccentColor;
				CODE_SIGN_STYLE = Automatic;
				CURRENT_PROJECT_VERSION = 1;
				DEVELOPMENT_ASSET_PATHS = "\"Wavern/Preview Content\"";
				DEVELOPMENT_TEAM = ARLGKL6RC3;
				ENABLE_PREVIEWS = YES;
				GENERATE_INFOPLIST_FILE = YES;
				INFOPLIST_KEY_UIApplicationSceneManifest_Generation = YES;
				INFOPLIST_KEY_UIApplicationSupportsIndirectInputEvents = YES;
				INFOPLIST_KEY_UILaunchScreen_Generation = YES;
				INFOPLIST_KEY_UISupportedInterfaceOrientations_iPad = "UIInterfaceOrientationPortrait UIInterfaceOrientationPortraitUpsideDown UIInterfaceOrientationLandscapeLeft UIInterfaceOrientationLandscapeRight";
				INFOPLIST_KEY_UISupportedInterfaceOrientations_iPhone = "UIInterfaceOrientationPortrait UIInterfaceOrientationLandscapeLeft UIInterfaceOrientationLandscapeRight";
				LD_RUNPATH_SEARCH_PATHS = (
					"$(inherited)",
					"@executable_path/Frameworks",
				);
				MARKETING_VERSION = 1.0;
				PRODUCT_BUNDLE_IDENTIFIER = Tester.Wavern;
				PRODUCT_NAME = "$(TARGET_NAME)";
				SWIFT_EMIT_LOC_STRINGS = YES;
				SWIFT_VERSION = 5.0;
				TARGETED_DEVICE_FAMILY = "1,2";
			};
			name = Release;
		};
		C06FCA172C118C7700A7001A /* Debug */ = {
			isa = XCBuildConfiguration;
			buildSettings = {
				ALWAYS_EMBED_SWIFT_STANDARD_LIBRARIES = YES;
				BUNDLE_LOADER = "$(TEST_HOST)";
				CODE_SIGN_STYLE = Automatic;
				CURRENT_PROJECT_VERSION = 1;
				GENERATE_INFOPLIST_FILE = YES;
				IPHONEOS_DEPLOYMENT_TARGET = 17.4;
				MARKETING_VERSION = 1.0;
				PRODUCT_BUNDLE_IDENTIFIER = Tester.WavernTests;
				PRODUCT_NAME = "$(TARGET_NAME)";
				SWIFT_EMIT_LOC_STRINGS = NO;
				SWIFT_VERSION = 5.0;
				TARGETED_DEVICE_FAMILY = "1,2";
				TEST_HOST = "$(BUILT_PRODUCTS_DIR)/Wavern.app/$(BUNDLE_EXECUTABLE_FOLDER_PATH)/Wavern";
			};
			name = Debug;
		};
		C06FCA182C118C7700A7001A /* Release */ = {
			isa = XCBuildConfiguration;
			buildSettings = {
				ALWAYS_EMBED_SWIFT_STANDARD_LIBRARIES = YES;
				BUNDLE_LOADER = "$(TEST_HOST)";
				CODE_SIGN_STYLE = Automatic;
				CURRENT_PROJECT_VERSION = 1;
				GENERATE_INFOPLIST_FILE = YES;
				IPHONEOS_DEPLOYMENT_TARGET = 17.4;
				MARKETING_VERSION = 1.0;
				PRODUCT_BUNDLE_IDENTIFIER = Tester.WavernTests;
				PRODUCT_NAME = "$(TARGET_NAME)";
				SWIFT_EMIT_LOC_STRINGS = NO;
				SWIFT_VERSION = 5.0;
				TARGETED_DEVICE_FAMILY = "1,2";
				TEST_HOST = "$(BUILT_PRODUCTS_DIR)/Wavern.app/$(BUNDLE_EXECUTABLE_FOLDER_PATH)/Wavern";
			};
			name = Release;
		};
		C06FCA1A2C118C7700A7001A /* Debug */ = {
			isa = XCBuildConfiguration;
			buildSettings = {
				ALWAYS_EMBED_SWIFT_STANDARD_LIBRARIES = YES;
				CODE_SIGN_STYLE = Automatic;
				CURRENT_PROJECT_VERSION = 1;
				GENERATE_INFOPLIST_FILE = YES;
				MARKETING_VERSION = 1.0;
				PRODUCT_BUNDLE_IDENTIFIER = Tester.WavernUITests;
				PRODUCT_NAME = "$(TARGET_NAME)";
				SWIFT_EMIT_LOC_STRINGS = NO;
				SWIFT_VERSION = 5.0;
				TARGETED_DEVICE_FAMILY = "1,2";
				TEST_TARGET_NAME = Wavern;
			};
			name = Debug;
		};
		C06FCA1B2C118C7700A7001A /* Release */ = {
			isa = XCBuildConfiguration;
			buildSettings = {
				ALWAYS_EMBED_SWIFT_STANDARD_LIBRARIES = YES;
				CODE_SIGN_STYLE = Automatic;
				CURRENT_PROJECT_VERSION = 1;
				GENERATE_INFOPLIST_FILE = YES;
				MARKETING_VERSION = 1.0;
				PRODUCT_BUNDLE_IDENTIFIER = Tester.WavernUITests;
				PRODUCT_NAME = "$(TARGET_NAME)";
				SWIFT_EMIT_LOC_STRINGS = NO;
				SWIFT_VERSION = 5.0;
				TARGETED_DEVICE_FAMILY = "1,2";
				TEST_TARGET_NAME = Wavern;
			};
			name = Release;
		};
/* End XCBuildConfiguration section */

/* Begin XCConfigurationList section */
		C06FC9EA2C118C7600A7001A /* Build configuration list for PBXProject "Wavern" */ = {
			isa = XCConfigurationList;
			buildConfigurations = (
				C06FCA112C118C7700A7001A /* Debug */,
				C06FCA122C118C7700A7001A /* Release */,
			);
			defaultConfigurationIsVisible = 0;
			defaultConfigurationName = Release;
		};
		C06FCA132C118C7700A7001A /* Build configuration list for PBXNativeTarget "Wavern" */ = {
			isa = XCConfigurationList;
			buildConfigurations = (
				C06FCA142C118C7700A7001A /* Debug */,
				C06FCA152C118C7700A7001A /* Release */,
			);
			defaultConfigurationIsVisible = 0;
			defaultConfigurationName = Release;
		};
		C06FCA162C118C7700A7001A /* Build configuration list for PBXNativeTarget "WavernTests" */ = {
			isa = XCConfigurationList;
			buildConfigurations = (
				C06FCA172C118C7700A7001A /* Debug */,
				C06FCA182C118C7700A7001A /* Release */,
			);
			defaultConfigurationIsVisible = 0;
			defaultConfigurationName = Release;
		};
		C06FCA192C118C7700A7001A /* Build configuration list for PBXNativeTarget "WavernUITests" */ = {
			isa = XCConfigurationList;
			buildConfigurations = (
				C06FCA1A2C118C7700A7001A /* Debug */,
				C06FCA1B2C118C7700A7001A /* Release */,
			);
			defaultConfigurationIsVisible = 0;
			defaultConfigurationName = Release;
		};
/* End XCConfigurationList section */
	};
	rootObject = C06FC9E72C118C7600A7001A /* Project object */;
}
